
Microsoft Visual Studio Solution File, Format Version 12.00
Project("{2150E333-8FDC-42A3-9474-1A3956D46DE8}") = "SolutionFolder", "SolutionFolder", "{E613D0DE-1441-4995-BF35-1F06C8289C55}"
ProjectSection(SolutionItems) = preProject
	.gitignore = .gitignore
	stylecop.ruleset = stylecop.ruleset
	stylecopTests.ruleset = stylecopTests.ruleset
EndProjectSection
EndProject
Global
	GlobalSection(SolutionConfigurationPlatforms) = preSolution
		Debug|Any CPU = Debug|Any CPU
		Release|Any CPU = Release|Any CPU
	EndGlobalSection
	GlobalSection(ProjectConfigurationPlatforms) = postSolution
	EndGlobalSection
EndGlobal
