
Microsoft Visual Studio Solution File, Format Version 12.00
# Visual Studio Version 16
VisualStudioVersion = 16.0.30114.105
MinimumVisualStudioVersion = 10.0.40219.1
Project("{2150E333-8FDC-42A3-9474-1A3956D46DE8}") = "src", "src", "{D348F299-FAC7-4BC5-AA78-BBC48B4969EB}"
EndProject
Project("{FAE04EC0-301F-11D3-BF4B-00C04F79EFBC}") = "RxBim.Analyzers", "src\RxBim.Analyzers\RxBim.Analyzers.csproj", "{13D76A89-7175-4E01-838D-97D9D5387662}"
EndProject
Project("{FAE04EC0-301F-11D3-BF4B-00C04F79EFBC}") = "RxBim.Application.Revit", "src\RxBim.Application.Revit\RxBim.Application.Revit.csproj", "{C7357F16-42EE-4B8E-A76F-5F5CE7FA9481}"
EndProject
Project("{FAE04EC0-301F-11D3-BF4B-00C04F79EFBC}") = "RxBim.Application.Autocad", "src\RxBim.Application.Autocad\RxBim.Application.Autocad.csproj", "{AD01DB63-ECAE-4F96-AAD6-C230823A1409}"
EndProject
Project("{FAE04EC0-301F-11D3-BF4B-00C04F79EFBC}") = "RxBim.Application.Ribbon", "src\RxBim.Application.Ribbon\RxBim.Application.Ribbon.csproj", "{457753F9-5A66-47A7-9C4F-62E72E546097}"
EndProject
Project("{FAE04EC0-301F-11D3-BF4B-00C04F79EFBC}") = "RxBim.Application.Ribbon.Autocad", "src\RxBim.Application.Ribbon.Autocad\RxBim.Application.Ribbon.Autocad.csproj", "{5E22E6FC-E9A7-4D17-9EFA-BFFC805B909E}"
EndProject
Project("{FAE04EC0-301F-11D3-BF4B-00C04F79EFBC}") = "RxBim.Application.Ribbon.Revit", "src\RxBim.Application.Ribbon.Revit\RxBim.Application.Ribbon.Revit.csproj", "{362785AB-EBE3-4216-BA10-6CFD3F924269}"
EndProject
Project("{FAE04EC0-301F-11D3-BF4B-00C04F79EFBC}") = "RxBim.Command.Revit", "src\RxBim.Command.Revit\RxBim.Command.Revit.csproj", "{39AEFA69-1E1B-4CE4-946E-19CC3512D95E}"
EndProject
Project("{FAE04EC0-301F-11D3-BF4B-00C04F79EFBC}") = "RxBim.Command.Autocad", "src\RxBim.Command.Autocad\RxBim.Command.Autocad.csproj", "{8DE860F0-FB77-4CD2-AD2A-D8D62A30495B}"
EndProject
Project("{FAE04EC0-301F-11D3-BF4B-00C04F79EFBC}") = "RxBim.Command.Generators.Autocad", "src\RxBim.Command.Generators.Autocad\RxBim.Command.Generators.Autocad.csproj", "{6CC4DE33-DDD0-4A0F-BDD9-235880406F35}"
EndProject
Project("{FAE04EC0-301F-11D3-BF4B-00C04F79EFBC}") = "RxBim.Di", "src\RxBim.Di\RxBim.Di.csproj", "{9CB6AB65-4F66-4DAD-B864-866BACFF3E85}"
EndProject
Project("{FAE04EC0-301F-11D3-BF4B-00C04F79EFBC}") = "RxBim.Logs", "src\RxBim.Logs\RxBim.Logs.csproj", "{5B23CF2B-C184-4803-8163-6349B95D6B8D}"
EndProject
Project("{FAE04EC0-301F-11D3-BF4B-00C04F79EFBC}") = "RxBim.Logs.Autocad", "src\RxBim.Logs.Autocad\RxBim.Logs.Autocad.csproj", "{40D777F5-EA22-4DD2-876F-54B475437839}"
EndProject
Project("{FAE04EC0-301F-11D3-BF4B-00C04F79EFBC}") = "RxBim.Logs.Revit", "src\RxBim.Logs.Revit\RxBim.Logs.Revit.csproj", "{C02C8AC7-09BE-4406-B488-9C56F7042F9E}"
EndProject
Project("{FAE04EC0-301F-11D3-BF4B-00C04F79EFBC}") = "RxBim.MsiBuilder", "src\RxBim.MsiBuilder\RxBim.MsiBuilder.csproj", "{3508DCCC-FCC0-4984-8B59-7DC9A585EFFA}"
EndProject
Project("{FAE04EC0-301F-11D3-BF4B-00C04F79EFBC}") = "RxBim.MsiBuilder.Bin", "src\RxBim.MsiBuilder.Bin\RxBim.MsiBuilder.Bin.csproj", "{E7AFA74E-0E67-47AC-9983-F86A37F96336}"
EndProject
Project("{FAE04EC0-301F-11D3-BF4B-00C04F79EFBC}") = "RxBim.Nuke", "src\RxBim.Nuke\RxBim.Nuke.csproj", "{AA973570-F576-4A6A-B00F-9733E4B8EFB5}"
EndProject
Project("{FAE04EC0-301F-11D3-BF4B-00C04F79EFBC}") = "RxBim.Nuke.AutoCAD", "src\RxBim.Nuke.AutoCAD\RxBim.Nuke.AutoCAD.csproj", "{0D73B07D-13A3-4FCE-8BC4-1850A93F0075}"
EndProject
Project("{FAE04EC0-301F-11D3-BF4B-00C04F79EFBC}") = "RxBim.Nuke.Revit", "src\RxBim.Nuke.Revit\RxBim.Nuke.Revit.csproj", "{36FFE5EE-128A-41DA-9199-348D7A97E384}"
EndProject
Project("{FAE04EC0-301F-11D3-BF4B-00C04F79EFBC}") = "RxBim.Shared", "src\RxBim.Shared\RxBim.Shared.csproj", "{57CC1000-67BD-4E6F-996D-C12FBCE656F8}"
EndProject
Project("{2150E333-8FDC-42A3-9474-1A3956D46DE8}") = "tests", "tests", "{1165F0D0-B8DD-4713-B62E-B0592F249C45}"
EndProject
Project("{FAE04EC0-301F-11D3-BF4B-00C04F79EFBC}") = "RxBim.Analyzers.Tests", "tests\RxBim.Analyzers.Tests\RxBim.Analyzers.Tests.csproj", "{F879BBCB-A71C-4D76-8E62-1BC809826F91}"
EndProject
Project("{FAE04EC0-301F-11D3-BF4B-00C04F79EFBC}") = "RxBim.Di.Tests", "tests\RxBim.Di.Tests\RxBim.Di.Tests.csproj", "{C370ABAA-23EA-403E-96DD-B3610A8A91D7}"
EndProject
Project("{FAE04EC0-301F-11D3-BF4B-00C04F79EFBC}") = "_build", "build\_build.csproj", "{D5B90B88-8AF9-4EF4-85AB-09B00D861F07}"
EndProject
Project("{2150E333-8FDC-42A3-9474-1A3956D46DE8}") = "Fx.Analyzers", "Fx.Analyzers", "{744AAF07-68DD-46BC-9442-4DA7416D4B0E}"
EndProject
Project("{2150E333-8FDC-42A3-9474-1A3956D46DE8}") = "Fx", "Fx", "{58E90E9F-4463-42AC-915F-950E95F23C86}"
EndProject
Project("{2150E333-8FDC-42A3-9474-1A3956D46DE8}") = "Fx.Autocad", "Fx.Autocad", "{DC709E0F-FB0A-47AF-B997-07049423EC78}"
EndProject
Project("{2150E333-8FDC-42A3-9474-1A3956D46DE8}") = "Fx.Revit", "Fx.Revit", "{BEC5BFF8-D120-4952-A66A-B0F7A2818551}"
EndProject
Project("{2150E333-8FDC-42A3-9474-1A3956D46DE8}") = "Nuke", "Nuke", "{29A114EF-59F6-490A-A10F-B1A2C0B8F756}"
EndProject
Project("{FAE04EC0-301F-11D3-BF4B-00C04F79EFBC}") = "RxBim.MsiBuilder.GlobalTool", "src\RxBim.MsiBuilder.GlobalTool\RxBim.MsiBuilder.GlobalTool.csproj", "{509E9C17-5218-4EE8-AA86-582735F1A40E}"
EndProject
Project("{2150E333-8FDC-42A3-9474-1A3956D46DE8}") = "SolutionFolder", "SolutionFolder", "{EA24ECE8-41E0-4A12-8DEF-0C073A3AA0DB}"
ProjectSection(SolutionItems) = preProject
	src\Directory.Build.Props = src\Directory.Build.Props
	Readme.md = Readme.md
	.gitignore = .gitignore
	LICENSE = LICENSE
	stylecop.ruleset = stylecop.ruleset
	stylecopTests.ruleset = stylecopTests.ruleset
EndProjectSection
EndProject
Global
	GlobalSection(SolutionConfigurationPlatforms) = preSolution
		Debug|Any CPU = Debug|Any CPU
		Release|Any CPU = Release|Any CPU
	EndGlobalSection
	GlobalSection(SolutionProperties) = preSolution
		HideSolutionNode = FALSE
	EndGlobalSection
	GlobalSection(ProjectConfigurationPlatforms) = postSolution
		{13D76A89-7175-4E01-838D-97D9D5387662}.Debug|Any CPU.ActiveCfg = Debug|Any CPU
		{13D76A89-7175-4E01-838D-97D9D5387662}.Debug|Any CPU.Build.0 = Debug|Any CPU
		{13D76A89-7175-4E01-838D-97D9D5387662}.Release|Any CPU.ActiveCfg = Release|Any CPU
		{13D76A89-7175-4E01-838D-97D9D5387662}.Release|Any CPU.Build.0 = Release|Any CPU
		{C7357F16-42EE-4B8E-A76F-5F5CE7FA9481}.Debug|Any CPU.ActiveCfg = Debug|Any CPU
		{C7357F16-42EE-4B8E-A76F-5F5CE7FA9481}.Debug|Any CPU.Build.0 = Debug|Any CPU
		{C7357F16-42EE-4B8E-A76F-5F5CE7FA9481}.Release|Any CPU.ActiveCfg = Release|Any CPU
		{C7357F16-42EE-4B8E-A76F-5F5CE7FA9481}.Release|Any CPU.Build.0 = Release|Any CPU
		{AD01DB63-ECAE-4F96-AAD6-C230823A1409}.Debug|Any CPU.ActiveCfg = Debug|Any CPU
		{AD01DB63-ECAE-4F96-AAD6-C230823A1409}.Debug|Any CPU.Build.0 = Debug|Any CPU
		{AD01DB63-ECAE-4F96-AAD6-C230823A1409}.Release|Any CPU.ActiveCfg = Release|Any CPU
		{AD01DB63-ECAE-4F96-AAD6-C230823A1409}.Release|Any CPU.Build.0 = Release|Any CPU
		{457753F9-5A66-47A7-9C4F-62E72E546097}.Debug|Any CPU.ActiveCfg = Debug|Any CPU
		{457753F9-5A66-47A7-9C4F-62E72E546097}.Debug|Any CPU.Build.0 = Debug|Any CPU
		{457753F9-5A66-47A7-9C4F-62E72E546097}.Release|Any CPU.ActiveCfg = Release|Any CPU
		{457753F9-5A66-47A7-9C4F-62E72E546097}.Release|Any CPU.Build.0 = Release|Any CPU
		{5E22E6FC-E9A7-4D17-9EFA-BFFC805B909E}.Debug|Any CPU.ActiveCfg = Debug|Any CPU
		{5E22E6FC-E9A7-4D17-9EFA-BFFC805B909E}.Debug|Any CPU.Build.0 = Debug|Any CPU
		{5E22E6FC-E9A7-4D17-9EFA-BFFC805B909E}.Release|Any CPU.ActiveCfg = Release|Any CPU
		{5E22E6FC-E9A7-4D17-9EFA-BFFC805B909E}.Release|Any CPU.Build.0 = Release|Any CPU
		{362785AB-EBE3-4216-BA10-6CFD3F924269}.Debug|Any CPU.ActiveCfg = Debug|Any CPU
		{362785AB-EBE3-4216-BA10-6CFD3F924269}.Debug|Any CPU.Build.0 = Debug|Any CPU
		{362785AB-EBE3-4216-BA10-6CFD3F924269}.Release|Any CPU.ActiveCfg = Release|Any CPU
		{362785AB-EBE3-4216-BA10-6CFD3F924269}.Release|Any CPU.Build.0 = Release|Any CPU
		{39AEFA69-1E1B-4CE4-946E-19CC3512D95E}.Debug|Any CPU.ActiveCfg = Debug|Any CPU
		{39AEFA69-1E1B-4CE4-946E-19CC3512D95E}.Debug|Any CPU.Build.0 = Debug|Any CPU
		{39AEFA69-1E1B-4CE4-946E-19CC3512D95E}.Release|Any CPU.ActiveCfg = Release|Any CPU
		{39AEFA69-1E1B-4CE4-946E-19CC3512D95E}.Release|Any CPU.Build.0 = Release|Any CPU
		{8DE860F0-FB77-4CD2-AD2A-D8D62A30495B}.Debug|Any CPU.ActiveCfg = Debug|Any CPU
		{8DE860F0-FB77-4CD2-AD2A-D8D62A30495B}.Debug|Any CPU.Build.0 = Debug|Any CPU
		{8DE860F0-FB77-4CD2-AD2A-D8D62A30495B}.Release|Any CPU.ActiveCfg = Release|Any CPU
		{8DE860F0-FB77-4CD2-AD2A-D8D62A30495B}.Release|Any CPU.Build.0 = Release|Any CPU
		{6CC4DE33-DDD0-4A0F-BDD9-235880406F35}.Debug|Any CPU.ActiveCfg = Debug|Any CPU
		{6CC4DE33-DDD0-4A0F-BDD9-235880406F35}.Debug|Any CPU.Build.0 = Debug|Any CPU
		{6CC4DE33-DDD0-4A0F-BDD9-235880406F35}.Release|Any CPU.ActiveCfg = Release|Any CPU
		{6CC4DE33-DDD0-4A0F-BDD9-235880406F35}.Release|Any CPU.Build.0 = Release|Any CPU
		{9CB6AB65-4F66-4DAD-B864-866BACFF3E85}.Debug|Any CPU.ActiveCfg = Debug|Any CPU
		{9CB6AB65-4F66-4DAD-B864-866BACFF3E85}.Debug|Any CPU.Build.0 = Debug|Any CPU
		{9CB6AB65-4F66-4DAD-B864-866BACFF3E85}.Release|Any CPU.ActiveCfg = Release|Any CPU
		{9CB6AB65-4F66-4DAD-B864-866BACFF3E85}.Release|Any CPU.Build.0 = Release|Any CPU
		{5B23CF2B-C184-4803-8163-6349B95D6B8D}.Debug|Any CPU.ActiveCfg = Debug|Any CPU
		{5B23CF2B-C184-4803-8163-6349B95D6B8D}.Debug|Any CPU.Build.0 = Debug|Any CPU
		{5B23CF2B-C184-4803-8163-6349B95D6B8D}.Release|Any CPU.ActiveCfg = Release|Any CPU
		{5B23CF2B-C184-4803-8163-6349B95D6B8D}.Release|Any CPU.Build.0 = Release|Any CPU
		{40D777F5-EA22-4DD2-876F-54B475437839}.Debug|Any CPU.ActiveCfg = Debug|Any CPU
		{40D777F5-EA22-4DD2-876F-54B475437839}.Debug|Any CPU.Build.0 = Debug|Any CPU
		{40D777F5-EA22-4DD2-876F-54B475437839}.Release|Any CPU.ActiveCfg = Release|Any CPU
		{40D777F5-EA22-4DD2-876F-54B475437839}.Release|Any CPU.Build.0 = Release|Any CPU
		{C02C8AC7-09BE-4406-B488-9C56F7042F9E}.Debug|Any CPU.ActiveCfg = Debug|Any CPU
		{C02C8AC7-09BE-4406-B488-9C56F7042F9E}.Debug|Any CPU.Build.0 = Debug|Any CPU
		{C02C8AC7-09BE-4406-B488-9C56F7042F9E}.Release|Any CPU.ActiveCfg = Release|Any CPU
		{C02C8AC7-09BE-4406-B488-9C56F7042F9E}.Release|Any CPU.Build.0 = Release|Any CPU
		{3508DCCC-FCC0-4984-8B59-7DC9A585EFFA}.Debug|Any CPU.ActiveCfg = Debug|Any CPU
		{3508DCCC-FCC0-4984-8B59-7DC9A585EFFA}.Debug|Any CPU.Build.0 = Debug|Any CPU
		{3508DCCC-FCC0-4984-8B59-7DC9A585EFFA}.Release|Any CPU.ActiveCfg = Release|Any CPU
		{3508DCCC-FCC0-4984-8B59-7DC9A585EFFA}.Release|Any CPU.Build.0 = Release|Any CPU
		{E7AFA74E-0E67-47AC-9983-F86A37F96336}.Debug|Any CPU.ActiveCfg = Debug|Any CPU
		{E7AFA74E-0E67-47AC-9983-F86A37F96336}.Debug|Any CPU.Build.0 = Debug|Any CPU
		{E7AFA74E-0E67-47AC-9983-F86A37F96336}.Release|Any CPU.ActiveCfg = Release|Any CPU
		{E7AFA74E-0E67-47AC-9983-F86A37F96336}.Release|Any CPU.Build.0 = Release|Any CPU
		{AA973570-F576-4A6A-B00F-9733E4B8EFB5}.Debug|Any CPU.ActiveCfg = Debug|Any CPU
		{AA973570-F576-4A6A-B00F-9733E4B8EFB5}.Debug|Any CPU.Build.0 = Debug|Any CPU
		{AA973570-F576-4A6A-B00F-9733E4B8EFB5}.Release|Any CPU.ActiveCfg = Release|Any CPU
		{AA973570-F576-4A6A-B00F-9733E4B8EFB5}.Release|Any CPU.Build.0 = Release|Any CPU
		{0D73B07D-13A3-4FCE-8BC4-1850A93F0075}.Debug|Any CPU.ActiveCfg = Debug|Any CPU
		{0D73B07D-13A3-4FCE-8BC4-1850A93F0075}.Debug|Any CPU.Build.0 = Debug|Any CPU
		{0D73B07D-13A3-4FCE-8BC4-1850A93F0075}.Release|Any CPU.ActiveCfg = Release|Any CPU
		{0D73B07D-13A3-4FCE-8BC4-1850A93F0075}.Release|Any CPU.Build.0 = Release|Any CPU
		{36FFE5EE-128A-41DA-9199-348D7A97E384}.Debug|Any CPU.ActiveCfg = Debug|Any CPU
		{36FFE5EE-128A-41DA-9199-348D7A97E384}.Debug|Any CPU.Build.0 = Debug|Any CPU
		{36FFE5EE-128A-41DA-9199-348D7A97E384}.Release|Any CPU.ActiveCfg = Release|Any CPU
		{36FFE5EE-128A-41DA-9199-348D7A97E384}.Release|Any CPU.Build.0 = Release|Any CPU
		{57CC1000-67BD-4E6F-996D-C12FBCE656F8}.Debug|Any CPU.ActiveCfg = Debug|Any CPU
		{57CC1000-67BD-4E6F-996D-C12FBCE656F8}.Debug|Any CPU.Build.0 = Debug|Any CPU
		{57CC1000-67BD-4E6F-996D-C12FBCE656F8}.Release|Any CPU.ActiveCfg = Release|Any CPU
		{57CC1000-67BD-4E6F-996D-C12FBCE656F8}.Release|Any CPU.Build.0 = Release|Any CPU
		{F879BBCB-A71C-4D76-8E62-1BC809826F91}.Debug|Any CPU.ActiveCfg = Debug|Any CPU
		{F879BBCB-A71C-4D76-8E62-1BC809826F91}.Debug|Any CPU.Build.0 = Debug|Any CPU
		{F879BBCB-A71C-4D76-8E62-1BC809826F91}.Release|Any CPU.ActiveCfg = Release|Any CPU
		{F879BBCB-A71C-4D76-8E62-1BC809826F91}.Release|Any CPU.Build.0 = Release|Any CPU
		{C370ABAA-23EA-403E-96DD-B3610A8A91D7}.Debug|Any CPU.ActiveCfg = Debug|Any CPU
		{C370ABAA-23EA-403E-96DD-B3610A8A91D7}.Debug|Any CPU.Build.0 = Debug|Any CPU
		{C370ABAA-23EA-403E-96DD-B3610A8A91D7}.Release|Any CPU.ActiveCfg = Release|Any CPU
		{C370ABAA-23EA-403E-96DD-B3610A8A91D7}.Release|Any CPU.Build.0 = Release|Any CPU
		{D5B90B88-8AF9-4EF4-85AB-09B00D861F07}.Debug|Any CPU.ActiveCfg = Debug|Any CPU
		{D5B90B88-8AF9-4EF4-85AB-09B00D861F07}.Release|Any CPU.ActiveCfg = Release|Any CPU
		{509E9C17-5218-4EE8-AA86-582735F1A40E}.Debug|Any CPU.ActiveCfg = Debug|Any CPU
		{509E9C17-5218-4EE8-AA86-582735F1A40E}.Debug|Any CPU.Build.0 = Debug|Any CPU
		{509E9C17-5218-4EE8-AA86-582735F1A40E}.Release|Any CPU.ActiveCfg = Release|Any CPU
		{509E9C17-5218-4EE8-AA86-582735F1A40E}.Release|Any CPU.Build.0 = Release|Any CPU
	EndGlobalSection
	GlobalSection(NestedProjects) = preSolution
		{F879BBCB-A71C-4D76-8E62-1BC809826F91} = {1165F0D0-B8DD-4713-B62E-B0592F249C45}
		{C370ABAA-23EA-403E-96DD-B3610A8A91D7} = {1165F0D0-B8DD-4713-B62E-B0592F249C45}
		{744AAF07-68DD-46BC-9442-4DA7416D4B0E} = {D348F299-FAC7-4BC5-AA78-BBC48B4969EB}
		{58E90E9F-4463-42AC-915F-950E95F23C86} = {D348F299-FAC7-4BC5-AA78-BBC48B4969EB}
		{DC709E0F-FB0A-47AF-B997-07049423EC78} = {D348F299-FAC7-4BC5-AA78-BBC48B4969EB}
		{BEC5BFF8-D120-4952-A66A-B0F7A2818551} = {D348F299-FAC7-4BC5-AA78-BBC48B4969EB}
		{29A114EF-59F6-490A-A10F-B1A2C0B8F756} = {D348F299-FAC7-4BC5-AA78-BBC48B4969EB}
		{3508DCCC-FCC0-4984-8B59-7DC9A585EFFA} = {29A114EF-59F6-490A-A10F-B1A2C0B8F756}
		{E7AFA74E-0E67-47AC-9983-F86A37F96336} = {29A114EF-59F6-490A-A10F-B1A2C0B8F756}
		{AA973570-F576-4A6A-B00F-9733E4B8EFB5} = {29A114EF-59F6-490A-A10F-B1A2C0B8F756}
		{0D73B07D-13A3-4FCE-8BC4-1850A93F0075} = {29A114EF-59F6-490A-A10F-B1A2C0B8F756}
		{36FFE5EE-128A-41DA-9199-348D7A97E384} = {29A114EF-59F6-490A-A10F-B1A2C0B8F756}
		{AD01DB63-ECAE-4F96-AAD6-C230823A1409} = {DC709E0F-FB0A-47AF-B997-07049423EC78}
		{5E22E6FC-E9A7-4D17-9EFA-BFFC805B909E} = {DC709E0F-FB0A-47AF-B997-07049423EC78}
		{8DE860F0-FB77-4CD2-AD2A-D8D62A30495B} = {DC709E0F-FB0A-47AF-B997-07049423EC78}
		{40D777F5-EA22-4DD2-876F-54B475437839} = {DC709E0F-FB0A-47AF-B997-07049423EC78}
		{362785AB-EBE3-4216-BA10-6CFD3F924269} = {BEC5BFF8-D120-4952-A66A-B0F7A2818551}
		{C02C8AC7-09BE-4406-B488-9C56F7042F9E} = {BEC5BFF8-D120-4952-A66A-B0F7A2818551}
		{13D76A89-7175-4E01-838D-97D9D5387662} = {744AAF07-68DD-46BC-9442-4DA7416D4B0E}
		{457753F9-5A66-47A7-9C4F-62E72E546097} = {58E90E9F-4463-42AC-915F-950E95F23C86}
		{9CB6AB65-4F66-4DAD-B864-866BACFF3E85} = {58E90E9F-4463-42AC-915F-950E95F23C86}
		{5B23CF2B-C184-4803-8163-6349B95D6B8D} = {58E90E9F-4463-42AC-915F-950E95F23C86}
		{57CC1000-67BD-4E6F-996D-C12FBCE656F8} = {58E90E9F-4463-42AC-915F-950E95F23C86}
		{6CC4DE33-DDD0-4A0F-BDD9-235880406F35} = {744AAF07-68DD-46BC-9442-4DA7416D4B0E}
		{509E9C17-5218-4EE8-AA86-582735F1A40E} = {29A114EF-59F6-490A-A10F-B1A2C0B8F756}
		{C7357F16-42EE-4B8E-A76F-5F5CE7FA9481} = {BEC5BFF8-D120-4952-A66A-B0F7A2818551}
		{39AEFA69-1E1B-4CE4-946E-19CC3512D95E} = {BEC5BFF8-D120-4952-A66A-B0F7A2818551}
	EndGlobalSection
EndGlobal
