
Microsoft Visual Studio Solution File, Format Version 12.00
# Visual Studio Version 16
VisualStudioVersion = 16.0.30114.105
MinimumVisualStudioVersion = 10.0.40219.1
Project("{2150E333-8FDC-42A3-9474-1A3956D46DE8}") = "src", "src", "{D348F299-FAC7-4BC5-AA78-BBC48B4969EB}"
EndProject
Project("{FAE04EC0-301F-11D3-BF4B-00C04F79EFBC}") = "RxBim.Analyzers", "src\Core\RxBim.Analyzers\RxBim.Analyzers.csproj", "{13D76A89-7175-4E01-838D-97D9D5387662}"
EndProject
Project("{FAE04EC0-301F-11D3-BF4B-00C04F79EFBC}") = "RxBim.Application.Revit", "src\Revit\RxBim.Application.Revit\RxBim.Application.Revit.csproj", "{C7357F16-42EE-4B8E-A76F-5F5CE7FA9481}"
EndProject
Project("{FAE04EC0-301F-11D3-BF4B-00C04F79EFBC}") = "RxBim.Application.Autocad", "src\Autocad\RxBim.Application.Autocad\RxBim.Application.Autocad.csproj", "{AD01DB63-ECAE-4F96-AAD6-C230823A1409}"
EndProject
Project("{FAE04EC0-301F-11D3-BF4B-00C04F79EFBC}") = "RxBim.Application.Ribbon", "src\Core\RxBim.Application.Ribbon\RxBim.Application.Ribbon.csproj", "{457753F9-5A66-47A7-9C4F-62E72E546097}"
EndProject
Project("{FAE04EC0-301F-11D3-BF4B-00C04F79EFBC}") = "RxBim.Application.Ribbon.Autocad", "src\Autocad\RxBim.Application.Ribbon.Autocad\RxBim.Application.Ribbon.Autocad.csproj", "{5E22E6FC-E9A7-4D17-9EFA-BFFC805B909E}"
EndProject
Project("{FAE04EC0-301F-11D3-BF4B-00C04F79EFBC}") = "RxBim.Application.Ribbon.Revit", "src\Revit\RxBim.Application.Ribbon.Revit\RxBim.Application.Ribbon.Revit.csproj", "{362785AB-EBE3-4216-BA10-6CFD3F924269}"
EndProject
Project("{FAE04EC0-301F-11D3-BF4B-00C04F79EFBC}") = "RxBim.Command.Revit", "src\Revit\RxBim.Command.Revit\RxBim.Command.Revit.csproj", "{39AEFA69-1E1B-4CE4-946E-19CC3512D95E}"
EndProject
Project("{FAE04EC0-301F-11D3-BF4B-00C04F79EFBC}") = "RxBim.Command.Autocad", "src\Autocad\RxBim.Command.Autocad\RxBim.Command.Autocad.csproj", "{8DE860F0-FB77-4CD2-AD2A-D8D62A30495B}"
EndProject
Project("{FAE04EC0-301F-11D3-BF4B-00C04F79EFBC}") = "RxBim.Command.Generators.Autocad", "src\Autocad\RxBim.Command.Generators.Autocad\RxBim.Command.Generators.Autocad.csproj", "{6CC4DE33-DDD0-4A0F-BDD9-235880406F35}"
EndProject
Project("{FAE04EC0-301F-11D3-BF4B-00C04F79EFBC}") = "RxBim.Di", "src\Core\RxBim.Di\RxBim.Di.csproj", "{9CB6AB65-4F66-4DAD-B864-866BACFF3E85}"
EndProject
Project("{FAE04EC0-301F-11D3-BF4B-00C04F79EFBC}") = "RxBim.Logs", "src\Core\RxBim.Logs\RxBim.Logs.csproj", "{5B23CF2B-C184-4803-8163-6349B95D6B8D}"
EndProject
Project("{FAE04EC0-301F-11D3-BF4B-00C04F79EFBC}") = "RxBim.Logs.Autocad", "src\Autocad\RxBim.Logs.Autocad\RxBim.Logs.Autocad.csproj", "{40D777F5-EA22-4DD2-876F-54B475437839}"
EndProject
Project("{FAE04EC0-301F-11D3-BF4B-00C04F79EFBC}") = "RxBim.Logs.Revit", "src\Revit\RxBim.Logs.Revit\RxBim.Logs.Revit.csproj", "{C02C8AC7-09BE-4406-B488-9C56F7042F9E}"
EndProject
Project("{FAE04EC0-301F-11D3-BF4B-00C04F79EFBC}") = "RxBim.Nuke", "src\Core\RxBim.Nuke\RxBim.Nuke.csproj", "{AA973570-F576-4A6A-B00F-9733E4B8EFB5}"
EndProject
Project("{FAE04EC0-301F-11D3-BF4B-00C04F79EFBC}") = "RxBim.Nuke.AutoCAD", "src\Autocad\RxBim.Nuke.AutoCAD\RxBim.Nuke.AutoCAD.csproj", "{0D73B07D-13A3-4FCE-8BC4-1850A93F0075}"
EndProject
Project("{FAE04EC0-301F-11D3-BF4B-00C04F79EFBC}") = "RxBim.Nuke.Revit", "src\Revit\RxBim.Nuke.Revit\RxBim.Nuke.Revit.csproj", "{36FFE5EE-128A-41DA-9199-348D7A97E384}"
EndProject
Project("{FAE04EC0-301F-11D3-BF4B-00C04F79EFBC}") = "RxBim.Shared", "src\Core\RxBim.Shared\RxBim.Shared.csproj", "{57CC1000-67BD-4E6F-996D-C12FBCE656F8}"
EndProject
Project("{2150E333-8FDC-42A3-9474-1A3956D46DE8}") = "tests", "tests", "{1165F0D0-B8DD-4713-B62E-B0592F249C45}"
	ProjectSection(SolutionItems) = preProject
		tests\Directory.Build.Props = tests\Directory.Build.Props
	EndProjectSection
EndProject
Project("{FAE04EC0-301F-11D3-BF4B-00C04F79EFBC}") = "RxBim.Analyzers.Tests", "tests\RxBim.Analyzers.Tests\RxBim.Analyzers.Tests.csproj", "{F879BBCB-A71C-4D76-8E62-1BC809826F91}"
EndProject
Project("{FAE04EC0-301F-11D3-BF4B-00C04F79EFBC}") = "RxBim.Di.Tests", "tests\RxBim.Di.Tests\RxBim.Di.Tests.csproj", "{C370ABAA-23EA-403E-96DD-B3610A8A91D7}"
EndProject
Project("{FAE04EC0-301F-11D3-BF4B-00C04F79EFBC}") = "_build", "build\_build.csproj", "{D5B90B88-8AF9-4EF4-85AB-09B00D861F07}"
EndProject
Project("{2150E333-8FDC-42A3-9474-1A3956D46DE8}") = "SolutionFolder", "SolutionFolder", "{EA24ECE8-41E0-4A12-8DEF-0C073A3AA0DB}"
	ProjectSection(SolutionItems) = preProject
		Readme.md = Readme.md
		.gitignore = .gitignore
		LICENSE = LICENSE
		stylecop.ruleset = stylecop.ruleset
		stylecopTests.ruleset = stylecopTests.ruleset
		Directory.Build.Props = Directory.Build.Props
	EndProjectSection
EndProject
Project("{FAE04EC0-301F-11D3-BF4B-00C04F79EFBC}") = "RxBim.Di.SimpleInjector", "src\Core\RxBim.Di.SimpleInjector\RxBim.Di.SimpleInjector.csproj", "{B639A396-924A-4E4B-ABF7-9A27A8B3C998}"
EndProject
Project("{FAE04EC0-301F-11D3-BF4B-00C04F79EFBC}") = "RxBim.Di.ServiceProvider", "src\Core\RxBim.Di.ServiceProvider\RxBim.Di.ServiceProvider.csproj", "{887887BE-B483-4ED1-B0BD-B42530843058}"
EndProject
Project("{2150E333-8FDC-42A3-9474-1A3956D46DE8}") = "samples", "samples", "{858DFC4A-AA54-47BF-8261-578EC4FD8EE8}"
	ProjectSection(SolutionItems) = preProject
		samples\Directory.Build.Props = samples\Directory.Build.Props
	EndProjectSection
EndProject
Project("{FAE04EC0-301F-11D3-BF4B-00C04F79EFBC}") = "RxBim.Application.Menu.Config.Autocad.Sample", "Samples\Autocad\RxBim.Application.Menu.Config.Autocad.Sample\RxBim.Application.Menu.Config.Autocad.Sample.csproj", "{EB2C28C0-1E5F-4753-A5D5-F2A216CFFC1C}"
EndProject
Project("{FAE04EC0-301F-11D3-BF4B-00C04F79EFBC}") = "RxBim.Application.Menu.Fluent.Autocad.Sample", "Samples\Autocad\RxBim.Application.Menu.Fluent.Autocad.Sample\RxBim.Application.Menu.Fluent.Autocad.Sample.csproj", "{9E174FB3-0BA1-413F-87AF-BB58D2527319}"
EndProject
Project("{FAE04EC0-301F-11D3-BF4B-00C04F79EFBC}") = "RxBim.Application.Menu.Fluent.Revit.Sample", "Samples\Revit\RxBim.Application.Menu.Fluent.Revit.Sample\RxBim.Application.Menu.Fluent.Revit.Sample.csproj", "{2DA89004-9269-443E-AA73-BF63AA6CFA1E}"
EndProject
Project("{FAE04EC0-301F-11D3-BF4B-00C04F79EFBC}") = "RxBim.Di.Testing.Revit", "src\Revit\RxBim.Di.Testing.Revit\RxBim.Di.Testing.Revit.csproj", "{5BFFC5A3-1A29-4520-A658-59C92F44E9B3}"
EndProject
Project("{FAE04EC0-301F-11D3-BF4B-00C04F79EFBC}") = "RxBim.Example.Revit.IntegrationTests", "tests\RxBim.Example.Revit.IntegrationTests\RxBim.Example.Revit.IntegrationTests.csproj", "{E57349F4-1638-40FA-849D-DAA0311015FA}"
EndProject
Project("{2150E333-8FDC-42A3-9474-1A3956D46DE8}") = "Core", "Core", "{8B7AB5B5-D806-45E8-B574-F497EB20E3A6}"
EndProject
Project("{2150E333-8FDC-42A3-9474-1A3956D46DE8}") = "Revit", "Revit", "{77448DA8-C5E2-4C26-B5C1-AB8DED61C86B}"
	ProjectSection(SolutionItems) = preProject
		src\Revit\Directory.Build.Props = src\Revit\Directory.Build.Props
	EndProjectSection
EndProject
Project("{2150E333-8FDC-42A3-9474-1A3956D46DE8}") = "Autocad", "Autocad", "{D2AB0208-628E-47A0-8203-D25DEB089E4F}"
	ProjectSection(SolutionItems) = preProject
		src\Autocad\Directory.Build.Props = src\Autocad\Directory.Build.Props
	EndProjectSection
EndProject
Project("{FAE04EC0-301F-11D3-BF4B-00C04F79EFBC}") = "RxBim.Application.Menu.Config.Revit.Sample", "Samples\Revit\RxBim.Application.Menu.Config.Revit.Sample\RxBim.Application.Menu.Config.Revit.Sample.csproj", "{DB7FF50A-560D-4C99-8F6D-84F779887826}"
EndProject
Project("{FAE04EC0-301F-11D3-BF4B-00C04F79EFBC}") = "RxBim.Transactions.Tests", "tests\RxBim.Transactions.Tests\RxBim.Transactions.Tests.csproj", "{DE56F753-9B30-44B1-89C9-6E46B2968239}"
EndProject
Project("{FAE04EC0-301F-11D3-BF4B-00C04F79EFBC}") = "RxBim.Transactions.Revit.IntegrationsTests", "tests\RxBim.Transactions.Revit.IntegrationsTests\RxBim.Transactions.Revit.IntegrationsTests.csproj", "{83730B15-D847-45BE-A848-774140C81F8B}"
EndProject
Project("{FAE04EC0-301F-11D3-BF4B-00C04F79EFBC}") = "RxBim.Transactions", "src\Core\RxBim.Transactions\RxBim.Transactions.csproj", "{017D1D62-E758-408C-84FD-49ABCCA5B2E9}"
EndProject
Project("{FAE04EC0-301F-11D3-BF4B-00C04F79EFBC}") = "RxBim.Transactions.Revit", "src\Revit\RxBim.Transactions.Revit\RxBim.Transactions.Revit.csproj", "{773BFD22-15AB-4899-8A98-625EF9EE99EC}"
EndProject
Project("{FAE04EC0-301F-11D3-BF4B-00C04F79EFBC}") = "RxBim.Transactions.Autocad", "src\Autocad\RxBim.Transactions.Autocad\RxBim.Transactions.Autocad.csproj", "{ED61974D-8961-494F-88BC-7F7EB448103D}"
EndProject
Project("{2150E333-8FDC-42A3-9474-1A3956D46DE8}") = "Autocad", "Autocad", "{F5D27901-C025-49F1-9CA0-B140D0BDA673}"
EndProject
Project("{2150E333-8FDC-42A3-9474-1A3956D46DE8}") = "Revit", "Revit", "{B9CD351C-6D55-43EF-832D-49C9B24BF415}"
EndProject
Project("{FAE04EC0-301F-11D3-BF4B-00C04F79EFBC}") = "RxBim.Application.Autocad.Example", "samples\Autocad\RxBim.Application.Autocad.Example\RxBim.Application.Autocad.Example.csproj", "{EA579190-EC25-4A8A-B7EA-9A91AE71ACC7}"
EndProject
Project("{FAE04EC0-301F-11D3-BF4B-00C04F79EFBC}") = "RxBim.Command.Autocad.Example", "samples\Autocad\RxBim.Command.Autocad.Example\RxBim.Command.Autocad.Example.csproj", "{92242965-660C-4127-9C64-D8A24D56D941}"
EndProject
Global
	GlobalSection(SolutionConfigurationPlatforms) = preSolution
		Debug|Any CPU = Debug|Any CPU
		Release|Any CPU = Release|Any CPU
	EndGlobalSection
	GlobalSection(SolutionProperties) = preSolution
		HideSolutionNode = FALSE
	EndGlobalSection
	GlobalSection(ProjectConfigurationPlatforms) = postSolution
		{13D76A89-7175-4E01-838D-97D9D5387662}.Debug|Any CPU.ActiveCfg = Debug|Any CPU
		{13D76A89-7175-4E01-838D-97D9D5387662}.Debug|Any CPU.Build.0 = Debug|Any CPU
		{13D76A89-7175-4E01-838D-97D9D5387662}.Release|Any CPU.ActiveCfg = Release|Any CPU
		{13D76A89-7175-4E01-838D-97D9D5387662}.Release|Any CPU.Build.0 = Release|Any CPU
		{C7357F16-42EE-4B8E-A76F-5F5CE7FA9481}.Debug|Any CPU.ActiveCfg = Debug|Any CPU
		{C7357F16-42EE-4B8E-A76F-5F5CE7FA9481}.Debug|Any CPU.Build.0 = Debug|Any CPU
		{C7357F16-42EE-4B8E-A76F-5F5CE7FA9481}.Release|Any CPU.ActiveCfg = Release|Any CPU
		{C7357F16-42EE-4B8E-A76F-5F5CE7FA9481}.Release|Any CPU.Build.0 = Release|Any CPU
		{AD01DB63-ECAE-4F96-AAD6-C230823A1409}.Debug|Any CPU.ActiveCfg = Debug|Any CPU
		{AD01DB63-ECAE-4F96-AAD6-C230823A1409}.Debug|Any CPU.Build.0 = Debug|Any CPU
		{AD01DB63-ECAE-4F96-AAD6-C230823A1409}.Release|Any CPU.ActiveCfg = Release|Any CPU
		{AD01DB63-ECAE-4F96-AAD6-C230823A1409}.Release|Any CPU.Build.0 = Release|Any CPU
		{457753F9-5A66-47A7-9C4F-62E72E546097}.Debug|Any CPU.ActiveCfg = Debug|Any CPU
		{457753F9-5A66-47A7-9C4F-62E72E546097}.Debug|Any CPU.Build.0 = Debug|Any CPU
		{457753F9-5A66-47A7-9C4F-62E72E546097}.Release|Any CPU.ActiveCfg = Release|Any CPU
		{457753F9-5A66-47A7-9C4F-62E72E546097}.Release|Any CPU.Build.0 = Release|Any CPU
		{5E22E6FC-E9A7-4D17-9EFA-BFFC805B909E}.Debug|Any CPU.ActiveCfg = Debug|Any CPU
		{5E22E6FC-E9A7-4D17-9EFA-BFFC805B909E}.Debug|Any CPU.Build.0 = Debug|Any CPU
		{5E22E6FC-E9A7-4D17-9EFA-BFFC805B909E}.Release|Any CPU.ActiveCfg = Release|Any CPU
		{5E22E6FC-E9A7-4D17-9EFA-BFFC805B909E}.Release|Any CPU.Build.0 = Release|Any CPU
		{362785AB-EBE3-4216-BA10-6CFD3F924269}.Debug|Any CPU.ActiveCfg = Debug|Any CPU
		{362785AB-EBE3-4216-BA10-6CFD3F924269}.Debug|Any CPU.Build.0 = Debug|Any CPU
		{362785AB-EBE3-4216-BA10-6CFD3F924269}.Release|Any CPU.ActiveCfg = Release|Any CPU
		{362785AB-EBE3-4216-BA10-6CFD3F924269}.Release|Any CPU.Build.0 = Release|Any CPU
		{39AEFA69-1E1B-4CE4-946E-19CC3512D95E}.Debug|Any CPU.ActiveCfg = Debug|Any CPU
		{39AEFA69-1E1B-4CE4-946E-19CC3512D95E}.Debug|Any CPU.Build.0 = Debug|Any CPU
		{39AEFA69-1E1B-4CE4-946E-19CC3512D95E}.Release|Any CPU.ActiveCfg = Release|Any CPU
		{39AEFA69-1E1B-4CE4-946E-19CC3512D95E}.Release|Any CPU.Build.0 = Release|Any CPU
		{8DE860F0-FB77-4CD2-AD2A-D8D62A30495B}.Debug|Any CPU.ActiveCfg = Debug|Any CPU
		{8DE860F0-FB77-4CD2-AD2A-D8D62A30495B}.Debug|Any CPU.Build.0 = Debug|Any CPU
		{8DE860F0-FB77-4CD2-AD2A-D8D62A30495B}.Release|Any CPU.ActiveCfg = Release|Any CPU
		{8DE860F0-FB77-4CD2-AD2A-D8D62A30495B}.Release|Any CPU.Build.0 = Release|Any CPU
		{6CC4DE33-DDD0-4A0F-BDD9-235880406F35}.Debug|Any CPU.ActiveCfg = Debug|Any CPU
		{6CC4DE33-DDD0-4A0F-BDD9-235880406F35}.Debug|Any CPU.Build.0 = Debug|Any CPU
		{6CC4DE33-DDD0-4A0F-BDD9-235880406F35}.Release|Any CPU.ActiveCfg = Release|Any CPU
		{6CC4DE33-DDD0-4A0F-BDD9-235880406F35}.Release|Any CPU.Build.0 = Release|Any CPU
		{9CB6AB65-4F66-4DAD-B864-866BACFF3E85}.Debug|Any CPU.ActiveCfg = Debug|Any CPU
		{9CB6AB65-4F66-4DAD-B864-866BACFF3E85}.Debug|Any CPU.Build.0 = Debug|Any CPU
		{9CB6AB65-4F66-4DAD-B864-866BACFF3E85}.Release|Any CPU.ActiveCfg = Release|Any CPU
		{9CB6AB65-4F66-4DAD-B864-866BACFF3E85}.Release|Any CPU.Build.0 = Release|Any CPU
		{5B23CF2B-C184-4803-8163-6349B95D6B8D}.Debug|Any CPU.ActiveCfg = Debug|Any CPU
		{5B23CF2B-C184-4803-8163-6349B95D6B8D}.Debug|Any CPU.Build.0 = Debug|Any CPU
		{5B23CF2B-C184-4803-8163-6349B95D6B8D}.Release|Any CPU.ActiveCfg = Release|Any CPU
		{5B23CF2B-C184-4803-8163-6349B95D6B8D}.Release|Any CPU.Build.0 = Release|Any CPU
		{40D777F5-EA22-4DD2-876F-54B475437839}.Debug|Any CPU.ActiveCfg = Debug|Any CPU
		{40D777F5-EA22-4DD2-876F-54B475437839}.Debug|Any CPU.Build.0 = Debug|Any CPU
		{40D777F5-EA22-4DD2-876F-54B475437839}.Release|Any CPU.ActiveCfg = Release|Any CPU
		{40D777F5-EA22-4DD2-876F-54B475437839}.Release|Any CPU.Build.0 = Release|Any CPU
		{C02C8AC7-09BE-4406-B488-9C56F7042F9E}.Debug|Any CPU.ActiveCfg = Debug|Any CPU
		{C02C8AC7-09BE-4406-B488-9C56F7042F9E}.Debug|Any CPU.Build.0 = Debug|Any CPU
		{C02C8AC7-09BE-4406-B488-9C56F7042F9E}.Release|Any CPU.ActiveCfg = Release|Any CPU
		{C02C8AC7-09BE-4406-B488-9C56F7042F9E}.Release|Any CPU.Build.0 = Release|Any CPU
		{AA973570-F576-4A6A-B00F-9733E4B8EFB5}.Debug|Any CPU.ActiveCfg = Debug|Any CPU
		{AA973570-F576-4A6A-B00F-9733E4B8EFB5}.Debug|Any CPU.Build.0 = Debug|Any CPU
		{AA973570-F576-4A6A-B00F-9733E4B8EFB5}.Release|Any CPU.ActiveCfg = Release|Any CPU
		{AA973570-F576-4A6A-B00F-9733E4B8EFB5}.Release|Any CPU.Build.0 = Release|Any CPU
		{0D73B07D-13A3-4FCE-8BC4-1850A93F0075}.Debug|Any CPU.ActiveCfg = Debug|Any CPU
		{0D73B07D-13A3-4FCE-8BC4-1850A93F0075}.Debug|Any CPU.Build.0 = Debug|Any CPU
		{0D73B07D-13A3-4FCE-8BC4-1850A93F0075}.Release|Any CPU.ActiveCfg = Release|Any CPU
		{0D73B07D-13A3-4FCE-8BC4-1850A93F0075}.Release|Any CPU.Build.0 = Release|Any CPU
		{36FFE5EE-128A-41DA-9199-348D7A97E384}.Debug|Any CPU.ActiveCfg = Debug|Any CPU
		{36FFE5EE-128A-41DA-9199-348D7A97E384}.Debug|Any CPU.Build.0 = Debug|Any CPU
		{36FFE5EE-128A-41DA-9199-348D7A97E384}.Release|Any CPU.ActiveCfg = Release|Any CPU
		{36FFE5EE-128A-41DA-9199-348D7A97E384}.Release|Any CPU.Build.0 = Release|Any CPU
		{57CC1000-67BD-4E6F-996D-C12FBCE656F8}.Debug|Any CPU.ActiveCfg = Debug|Any CPU
		{57CC1000-67BD-4E6F-996D-C12FBCE656F8}.Debug|Any CPU.Build.0 = Debug|Any CPU
		{57CC1000-67BD-4E6F-996D-C12FBCE656F8}.Release|Any CPU.ActiveCfg = Release|Any CPU
		{57CC1000-67BD-4E6F-996D-C12FBCE656F8}.Release|Any CPU.Build.0 = Release|Any CPU
		{F879BBCB-A71C-4D76-8E62-1BC809826F91}.Debug|Any CPU.ActiveCfg = Debug|Any CPU
		{F879BBCB-A71C-4D76-8E62-1BC809826F91}.Debug|Any CPU.Build.0 = Debug|Any CPU
		{F879BBCB-A71C-4D76-8E62-1BC809826F91}.Release|Any CPU.ActiveCfg = Release|Any CPU
		{F879BBCB-A71C-4D76-8E62-1BC809826F91}.Release|Any CPU.Build.0 = Release|Any CPU
		{C370ABAA-23EA-403E-96DD-B3610A8A91D7}.Debug|Any CPU.ActiveCfg = Debug|Any CPU
		{C370ABAA-23EA-403E-96DD-B3610A8A91D7}.Debug|Any CPU.Build.0 = Debug|Any CPU
		{C370ABAA-23EA-403E-96DD-B3610A8A91D7}.Release|Any CPU.ActiveCfg = Release|Any CPU
		{C370ABAA-23EA-403E-96DD-B3610A8A91D7}.Release|Any CPU.Build.0 = Release|Any CPU
		{D5B90B88-8AF9-4EF4-85AB-09B00D861F07}.Debug|Any CPU.ActiveCfg = Debug|Any CPU
		{D5B90B88-8AF9-4EF4-85AB-09B00D861F07}.Release|Any CPU.ActiveCfg = Release|Any CPU
		{B639A396-924A-4E4B-ABF7-9A27A8B3C998}.Debug|Any CPU.ActiveCfg = Debug|Any CPU
		{B639A396-924A-4E4B-ABF7-9A27A8B3C998}.Debug|Any CPU.Build.0 = Debug|Any CPU
		{B639A396-924A-4E4B-ABF7-9A27A8B3C998}.Release|Any CPU.ActiveCfg = Release|Any CPU
		{B639A396-924A-4E4B-ABF7-9A27A8B3C998}.Release|Any CPU.Build.0 = Release|Any CPU
		{887887BE-B483-4ED1-B0BD-B42530843058}.Debug|Any CPU.ActiveCfg = Debug|Any CPU
		{887887BE-B483-4ED1-B0BD-B42530843058}.Debug|Any CPU.Build.0 = Debug|Any CPU
		{887887BE-B483-4ED1-B0BD-B42530843058}.Release|Any CPU.ActiveCfg = Release|Any CPU
		{887887BE-B483-4ED1-B0BD-B42530843058}.Release|Any CPU.Build.0 = Release|Any CPU
		{EB2C28C0-1E5F-4753-A5D5-F2A216CFFC1C}.Debug|Any CPU.ActiveCfg = Debug|Any CPU
		{EB2C28C0-1E5F-4753-A5D5-F2A216CFFC1C}.Debug|Any CPU.Build.0 = Debug|Any CPU
		{EB2C28C0-1E5F-4753-A5D5-F2A216CFFC1C}.Release|Any CPU.ActiveCfg = Release|Any CPU
		{EB2C28C0-1E5F-4753-A5D5-F2A216CFFC1C}.Release|Any CPU.Build.0 = Release|Any CPU
		{9E174FB3-0BA1-413F-87AF-BB58D2527319}.Debug|Any CPU.ActiveCfg = Debug|Any CPU
		{9E174FB3-0BA1-413F-87AF-BB58D2527319}.Debug|Any CPU.Build.0 = Debug|Any CPU
		{9E174FB3-0BA1-413F-87AF-BB58D2527319}.Release|Any CPU.ActiveCfg = Release|Any CPU
		{9E174FB3-0BA1-413F-87AF-BB58D2527319}.Release|Any CPU.Build.0 = Release|Any CPU
		{2DA89004-9269-443E-AA73-BF63AA6CFA1E}.Debug|Any CPU.ActiveCfg = Debug|Any CPU
		{2DA89004-9269-443E-AA73-BF63AA6CFA1E}.Debug|Any CPU.Build.0 = Debug|Any CPU
		{2DA89004-9269-443E-AA73-BF63AA6CFA1E}.Release|Any CPU.ActiveCfg = Release|Any CPU
		{2DA89004-9269-443E-AA73-BF63AA6CFA1E}.Release|Any CPU.Build.0 = Release|Any CPU
		{5BFFC5A3-1A29-4520-A658-59C92F44E9B3}.Debug|Any CPU.ActiveCfg = Debug|Any CPU
		{5BFFC5A3-1A29-4520-A658-59C92F44E9B3}.Debug|Any CPU.Build.0 = Debug|Any CPU
		{5BFFC5A3-1A29-4520-A658-59C92F44E9B3}.Release|Any CPU.ActiveCfg = Release|Any CPU
		{5BFFC5A3-1A29-4520-A658-59C92F44E9B3}.Release|Any CPU.Build.0 = Release|Any CPU
		{E57349F4-1638-40FA-849D-DAA0311015FA}.Debug|Any CPU.ActiveCfg = Debug|Any CPU
		{E57349F4-1638-40FA-849D-DAA0311015FA}.Debug|Any CPU.Build.0 = Debug|Any CPU
		{E57349F4-1638-40FA-849D-DAA0311015FA}.Release|Any CPU.ActiveCfg = Release|Any CPU
		{E57349F4-1638-40FA-849D-DAA0311015FA}.Release|Any CPU.Build.0 = Release|Any CPU
		{DB7FF50A-560D-4C99-8F6D-84F779887826}.Debug|Any CPU.ActiveCfg = Debug|Any CPU
		{DB7FF50A-560D-4C99-8F6D-84F779887826}.Debug|Any CPU.Build.0 = Debug|Any CPU
		{DB7FF50A-560D-4C99-8F6D-84F779887826}.Release|Any CPU.ActiveCfg = Release|Any CPU
		{DB7FF50A-560D-4C99-8F6D-84F779887826}.Release|Any CPU.Build.0 = Release|Any CPU
		{DE56F753-9B30-44B1-89C9-6E46B2968239}.Debug|Any CPU.ActiveCfg = Debug|Any CPU
		{DE56F753-9B30-44B1-89C9-6E46B2968239}.Debug|Any CPU.Build.0 = Debug|Any CPU
		{DE56F753-9B30-44B1-89C9-6E46B2968239}.Release|Any CPU.ActiveCfg = Release|Any CPU
		{DE56F753-9B30-44B1-89C9-6E46B2968239}.Release|Any CPU.Build.0 = Release|Any CPU
		{83730B15-D847-45BE-A848-774140C81F8B}.Debug|Any CPU.ActiveCfg = Debug|Any CPU
		{83730B15-D847-45BE-A848-774140C81F8B}.Debug|Any CPU.Build.0 = Debug|Any CPU
		{83730B15-D847-45BE-A848-774140C81F8B}.Release|Any CPU.ActiveCfg = Release|Any CPU
		{83730B15-D847-45BE-A848-774140C81F8B}.Release|Any CPU.Build.0 = Release|Any CPU
		{017D1D62-E758-408C-84FD-49ABCCA5B2E9}.Debug|Any CPU.ActiveCfg = Debug|Any CPU
		{017D1D62-E758-408C-84FD-49ABCCA5B2E9}.Debug|Any CPU.Build.0 = Debug|Any CPU
		{017D1D62-E758-408C-84FD-49ABCCA5B2E9}.Release|Any CPU.ActiveCfg = Release|Any CPU
		{017D1D62-E758-408C-84FD-49ABCCA5B2E9}.Release|Any CPU.Build.0 = Release|Any CPU
		{773BFD22-15AB-4899-8A98-625EF9EE99EC}.Debug|Any CPU.ActiveCfg = Debug|Any CPU
		{773BFD22-15AB-4899-8A98-625EF9EE99EC}.Debug|Any CPU.Build.0 = Debug|Any CPU
		{773BFD22-15AB-4899-8A98-625EF9EE99EC}.Release|Any CPU.ActiveCfg = Release|Any CPU
		{773BFD22-15AB-4899-8A98-625EF9EE99EC}.Release|Any CPU.Build.0 = Release|Any CPU
		{ED61974D-8961-494F-88BC-7F7EB448103D}.Debug|Any CPU.ActiveCfg = Debug|Any CPU
		{ED61974D-8961-494F-88BC-7F7EB448103D}.Debug|Any CPU.Build.0 = Debug|Any CPU
		{ED61974D-8961-494F-88BC-7F7EB448103D}.Release|Any CPU.ActiveCfg = Release|Any CPU
		{ED61974D-8961-494F-88BC-7F7EB448103D}.Release|Any CPU.Build.0 = Release|Any CPU
		{EA579190-EC25-4A8A-B7EA-9A91AE71ACC7}.Debug|Any CPU.ActiveCfg = Debug|Any CPU
		{EA579190-EC25-4A8A-B7EA-9A91AE71ACC7}.Debug|Any CPU.Build.0 = Debug|Any CPU
		{EA579190-EC25-4A8A-B7EA-9A91AE71ACC7}.Release|Any CPU.ActiveCfg = Release|Any CPU
		{EA579190-EC25-4A8A-B7EA-9A91AE71ACC7}.Release|Any CPU.Build.0 = Release|Any CPU
		{92242965-660C-4127-9C64-D8A24D56D941}.Debug|Any CPU.ActiveCfg = Debug|Any CPU
		{92242965-660C-4127-9C64-D8A24D56D941}.Debug|Any CPU.Build.0 = Debug|Any CPU
		{92242965-660C-4127-9C64-D8A24D56D941}.Release|Any CPU.ActiveCfg = Release|Any CPU
		{92242965-660C-4127-9C64-D8A24D56D941}.Release|Any CPU.Build.0 = Release|Any CPU
	EndGlobalSection
	GlobalSection(NestedProjects) = preSolution
		{77448DA8-C5E2-4C26-B5C1-AB8DED61C86B} = {D348F299-FAC7-4BC5-AA78-BBC48B4969EB}
		{8B7AB5B5-D806-45E8-B574-F497EB20E3A6} = {D348F299-FAC7-4BC5-AA78-BBC48B4969EB}
		{D2AB0208-628E-47A0-8203-D25DEB089E4F} = {D348F299-FAC7-4BC5-AA78-BBC48B4969EB}
		{F5D27901-C025-49F1-9CA0-B140D0BDA673} = {858DFC4A-AA54-47BF-8261-578EC4FD8EE8}
		{B9CD351C-6D55-43EF-832D-49C9B24BF415} = {858DFC4A-AA54-47BF-8261-578EC4FD8EE8}
		{DB7FF50A-560D-4C99-8F6D-84F779887826} = {B9CD351C-6D55-43EF-832D-49C9B24BF415}
		{2DA89004-9269-443E-AA73-BF63AA6CFA1E} = {B9CD351C-6D55-43EF-832D-49C9B24BF415}
		{9E174FB3-0BA1-413F-87AF-BB58D2527319} = {F5D27901-C025-49F1-9CA0-B140D0BDA673}
		{EB2C28C0-1E5F-4753-A5D5-F2A216CFFC1C} = {F5D27901-C025-49F1-9CA0-B140D0BDA673}
		{AD01DB63-ECAE-4F96-AAD6-C230823A1409} = {D2AB0208-628E-47A0-8203-D25DEB089E4F}
		{5E22E6FC-E9A7-4D17-9EFA-BFFC805B909E} = {D2AB0208-628E-47A0-8203-D25DEB089E4F}
		{8DE860F0-FB77-4CD2-AD2A-D8D62A30495B} = {D2AB0208-628E-47A0-8203-D25DEB089E4F}
		{6CC4DE33-DDD0-4A0F-BDD9-235880406F35} = {D2AB0208-628E-47A0-8203-D25DEB089E4F}
		{40D777F5-EA22-4DD2-876F-54B475437839} = {D2AB0208-628E-47A0-8203-D25DEB089E4F}
		{0D73B07D-13A3-4FCE-8BC4-1850A93F0075} = {D2AB0208-628E-47A0-8203-D25DEB089E4F}
		{ED61974D-8961-494F-88BC-7F7EB448103D} = {D2AB0208-628E-47A0-8203-D25DEB089E4F}
		{C7357F16-42EE-4B8E-A76F-5F5CE7FA9481} = {77448DA8-C5E2-4C26-B5C1-AB8DED61C86B}
		{362785AB-EBE3-4216-BA10-6CFD3F924269} = {77448DA8-C5E2-4C26-B5C1-AB8DED61C86B}
		{39AEFA69-1E1B-4CE4-946E-19CC3512D95E} = {77448DA8-C5E2-4C26-B5C1-AB8DED61C86B}
		{5BFFC5A3-1A29-4520-A658-59C92F44E9B3} = {77448DA8-C5E2-4C26-B5C1-AB8DED61C86B}
		{C02C8AC7-09BE-4406-B488-9C56F7042F9E} = {77448DA8-C5E2-4C26-B5C1-AB8DED61C86B}
		{36FFE5EE-128A-41DA-9199-348D7A97E384} = {77448DA8-C5E2-4C26-B5C1-AB8DED61C86B}
		{773BFD22-15AB-4899-8A98-625EF9EE99EC} = {77448DA8-C5E2-4C26-B5C1-AB8DED61C86B}
		{C370ABAA-23EA-403E-96DD-B3610A8A91D7} = {1165F0D0-B8DD-4713-B62E-B0592F249C45}
		{E57349F4-1638-40FA-849D-DAA0311015FA} = {1165F0D0-B8DD-4713-B62E-B0592F249C45}
		{DE56F753-9B30-44B1-89C9-6E46B2968239} = {1165F0D0-B8DD-4713-B62E-B0592F249C45}
		{83730B15-D847-45BE-A848-774140C81F8B} = {1165F0D0-B8DD-4713-B62E-B0592F249C45}
		{F879BBCB-A71C-4D76-8E62-1BC809826F91} = {1165F0D0-B8DD-4713-B62E-B0592F249C45}
		{13D76A89-7175-4E01-838D-97D9D5387662} = {8B7AB5B5-D806-45E8-B574-F497EB20E3A6}
		{457753F9-5A66-47A7-9C4F-62E72E546097} = {8B7AB5B5-D806-45E8-B574-F497EB20E3A6}
		{9CB6AB65-4F66-4DAD-B864-866BACFF3E85} = {8B7AB5B5-D806-45E8-B574-F497EB20E3A6}
		{887887BE-B483-4ED1-B0BD-B42530843058} = {8B7AB5B5-D806-45E8-B574-F497EB20E3A6}
		{B639A396-924A-4E4B-ABF7-9A27A8B3C998} = {8B7AB5B5-D806-45E8-B574-F497EB20E3A6}
		{5B23CF2B-C184-4803-8163-6349B95D6B8D} = {8B7AB5B5-D806-45E8-B574-F497EB20E3A6}
		{AA973570-F576-4A6A-B00F-9733E4B8EFB5} = {8B7AB5B5-D806-45E8-B574-F497EB20E3A6}
		{57CC1000-67BD-4E6F-996D-C12FBCE656F8} = {8B7AB5B5-D806-45E8-B574-F497EB20E3A6}
		{017D1D62-E758-408C-84FD-49ABCCA5B2E9} = {8B7AB5B5-D806-45E8-B574-F497EB20E3A6}
		{EA579190-EC25-4A8A-B7EA-9A91AE71ACC7} = {F5D27901-C025-49F1-9CA0-B140D0BDA673}
		{92242965-660C-4127-9C64-D8A24D56D941} = {F5D27901-C025-49F1-9CA0-B140D0BDA673}
	EndGlobalSection
EndGlobal
