
Microsoft Visual Studio Solution File, Format Version 12.00
# Visual Studio Version 16
VisualStudioVersion = 16.0.30114.105
MinimumVisualStudioVersion = 10.0.40219.1
Project("{2150E333-8FDC-42A3-9474-1A3956D46DE8}") = "src", "src", "{D348F299-FAC7-4BC5-AA78-BBC48B4969EB}"
EndProject
Project("{FAE04EC0-301F-11D3-BF4B-00C04F79EFBC}") = "RxBim.Analyzers", "src\Core\RxBim.Analyzers\RxBim.Analyzers.csproj", "{13D76A89-7175-4E01-838D-97D9D5387662}"
EndProject
Project("{FAE04EC0-301F-11D3-BF4B-00C04F79EFBC}") = "RxBim.Application.Revit", "src\Revit\RxBim.Application.Revit\RxBim.Application.Revit.csproj", "{C7357F16-42EE-4B8E-A76F-5F5CE7FA9481}"
EndProject
Project("{FAE04EC0-301F-11D3-BF4B-00C04F79EFBC}") = "RxBim.Application.Autocad", "src\Autocad\RxBim.Application.Autocad\RxBim.Application.Autocad.csproj", "{AD01DB63-ECAE-4F96-AAD6-C230823A1409}"
EndProject
Project("{FAE04EC0-301F-11D3-BF4B-00C04F79EFBC}") = "RxBim.Application.Ribbon", "src\Core\RxBim.Application.Ribbon\RxBim.Application.Ribbon.csproj", "{457753F9-5A66-47A7-9C4F-62E72E546097}"
EndProject
Project("{FAE04EC0-301F-11D3-BF4B-00C04F79EFBC}") = "RxBim.Application.Ribbon.Autocad", "src\Autocad\RxBim.Application.Ribbon.Autocad\RxBim.Application.Ribbon.Autocad.csproj", "{5E22E6FC-E9A7-4D17-9EFA-BFFC805B909E}"
EndProject
Project("{FAE04EC0-301F-11D3-BF4B-00C04F79EFBC}") = "RxBim.Application.Ribbon.Revit", "src\Revit\RxBim.Application.Ribbon.Revit\RxBim.Application.Ribbon.Revit.csproj", "{362785AB-EBE3-4216-BA10-6CFD3F924269}"
EndProject
Project("{FAE04EC0-301F-11D3-BF4B-00C04F79EFBC}") = "RxBim.Command.Revit", "src\Revit\RxBim.Command.Revit\RxBim.Command.Revit.csproj", "{39AEFA69-1E1B-4CE4-946E-19CC3512D95E}"
EndProject
Project("{FAE04EC0-301F-11D3-BF4B-00C04F79EFBC}") = "RxBim.Command.Autocad", "src\Autocad\RxBim.Command.Autocad\RxBim.Command.Autocad.csproj", "{8DE860F0-FB77-4CD2-AD2A-D8D62A30495B}"
EndProject
Project("{FAE04EC0-301F-11D3-BF4B-00C04F79EFBC}") = "RxBim.Command.Generators.Autocad", "src\Autocad\RxBim.Command.Generators.Autocad\RxBim.Command.Generators.Autocad.csproj", "{6CC4DE33-DDD0-4A0F-BDD9-235880406F35}"
EndProject
Project("{FAE04EC0-301F-11D3-BF4B-00C04F79EFBC}") = "RxBim.Di", "src\Core\RxBim.Di\RxBim.Di.csproj", "{9CB6AB65-4F66-4DAD-B864-866BACFF3E85}"
EndProject
Project("{FAE04EC0-301F-11D3-BF4B-00C04F79EFBC}") = "RxBim.Logs", "src\Core\RxBim.Logs\RxBim.Logs.csproj", "{5B23CF2B-C184-4803-8163-6349B95D6B8D}"
EndProject
Project("{FAE04EC0-301F-11D3-BF4B-00C04F79EFBC}") = "RxBim.Logs.Autocad", "src\Autocad\RxBim.Logs.Autocad\RxBim.Logs.Autocad.csproj", "{40D777F5-EA22-4DD2-876F-54B475437839}"
EndProject
Project("{FAE04EC0-301F-11D3-BF4B-00C04F79EFBC}") = "RxBim.Logs.Revit", "src\Revit\RxBim.Logs.Revit\RxBim.Logs.Revit.csproj", "{C02C8AC7-09BE-4406-B488-9C56F7042F9E}"
EndProject
Project("{FAE04EC0-301F-11D3-BF4B-00C04F79EFBC}") = "RxBim.Nuke", "src\Core\RxBim.Nuke\RxBim.Nuke.csproj", "{AA973570-F576-4A6A-B00F-9733E4B8EFB5}"
EndProject
Project("{FAE04EC0-301F-11D3-BF4B-00C04F79EFBC}") = "RxBim.Nuke.AutoCAD", "src\Autocad\RxBim.Nuke.AutoCAD\RxBim.Nuke.AutoCAD.csproj", "{0D73B07D-13A3-4FCE-8BC4-1850A93F0075}"
EndProject
Project("{FAE04EC0-301F-11D3-BF4B-00C04F79EFBC}") = "RxBim.Nuke.Revit", "src\Revit\RxBim.Nuke.Revit\RxBim.Nuke.Revit.csproj", "{36FFE5EE-128A-41DA-9199-348D7A97E384}"
EndProject
Project("{FAE04EC0-301F-11D3-BF4B-00C04F79EFBC}") = "RxBim.Shared", "src\Core\RxBim.Shared\RxBim.Shared.csproj", "{57CC1000-67BD-4E6F-996D-C12FBCE656F8}"
EndProject
Project("{2150E333-8FDC-42A3-9474-1A3956D46DE8}") = "tests", "tests", "{1165F0D0-B8DD-4713-B62E-B0592F249C45}"
	ProjectSection(SolutionItems) = preProject
		tests\Directory.Build.Props = tests\Directory.Build.Props
	EndProjectSection
EndProject
Project("{FAE04EC0-301F-11D3-BF4B-00C04F79EFBC}") = "RxBim.Analyzers.Tests", "tests\RxBim.Analyzers.Tests\RxBim.Analyzers.Tests.csproj", "{F879BBCB-A71C-4D76-8E62-1BC809826F91}"
EndProject
Project("{FAE04EC0-301F-11D3-BF4B-00C04F79EFBC}") = "RxBim.Di.Tests", "tests\RxBim.Di.Tests\RxBim.Di.Tests.csproj", "{C370ABAA-23EA-403E-96DD-B3610A8A91D7}"
EndProject
Project("{FAE04EC0-301F-11D3-BF4B-00C04F79EFBC}") = "_build", "build\_build.csproj", "{D5B90B88-8AF9-4EF4-85AB-09B00D861F07}"
EndProject
Project("{2150E333-8FDC-42A3-9474-1A3956D46DE8}") = "SolutionFolder", "SolutionFolder", "{EA24ECE8-41E0-4A12-8DEF-0C073A3AA0DB}"
	ProjectSection(SolutionItems) = preProject
		Readme.md = Readme.md
		.gitignore = .gitignore
		LICENSE = LICENSE
		stylecop.ruleset = stylecop.ruleset
		stylecopTests.ruleset = stylecopTests.ruleset
		Directory.Build.Props = Directory.Build.Props
	EndProjectSection
EndProject
Project("{FAE04EC0-301F-11D3-BF4B-00C04F79EFBC}") = "RxBim.Di.SimpleInjector", "src\Core\RxBim.Di.SimpleInjector\RxBim.Di.SimpleInjector.csproj", "{B639A396-924A-4E4B-ABF7-9A27A8B3C998}"
EndProject
Project("{FAE04EC0-301F-11D3-BF4B-00C04F79EFBC}") = "RxBim.Di.ServiceProvider", "src\Core\RxBim.Di.ServiceProvider\RxBim.Di.ServiceProvider.csproj", "{887887BE-B483-4ED1-B0BD-B42530843058}"
EndProject
Project("{2150E333-8FDC-42A3-9474-1A3956D46DE8}") = "samples", "samples", "{858DFC4A-AA54-47BF-8261-578EC4FD8EE8}"
	ProjectSection(SolutionItems) = preProject
		samples\Directory.Build.Props = samples\Directory.Build.Props
	EndProjectSection
EndProject
Project("{FAE04EC0-301F-11D3-BF4B-00C04F79EFBC}") = "RxBim.Application.Menu.Config.Autocad.Sample", "Samples\Autocad\RxBim.Application.Menu.Config.Autocad.Sample\RxBim.Application.Menu.Config.Autocad.Sample.csproj", "{EB2C28C0-1E5F-4753-A5D5-F2A216CFFC1C}"
EndProject
Project("{FAE04EC0-301F-11D3-BF4B-00C04F79EFBC}") = "RxBim.Application.Menu.Fluent.Autocad.Sample", "Samples\Autocad\RxBim.Application.Menu.Fluent.Autocad.Sample\RxBim.Application.Menu.Fluent.Autocad.Sample.csproj", "{9E174FB3-0BA1-413F-87AF-BB58D2527319}"
EndProject
Project("{FAE04EC0-301F-11D3-BF4B-00C04F79EFBC}") = "RxBim.Application.Menu.Fluent.Revit.Sample", "Samples\Revit\RxBim.Application.Menu.Fluent.Revit.Sample\RxBim.Application.Menu.Fluent.Revit.Sample.csproj", "{2DA89004-9269-443E-AA73-BF63AA6CFA1E}"
EndProject
Project("{FAE04EC0-301F-11D3-BF4B-00C04F79EFBC}") = "RxBim.UserSettings.Tests", "tests\RxBim.UserSettings.Tests\RxBim.UserSettings.Tests.csproj", "{8892AE3F-AC4E-4F1B-BCE1-12EB5CCAB78B}"
EndProject
Project("{2150E333-8FDC-42A3-9474-1A3956D46DE8}") = "Fx.Testing", "Fx.Testing", "{44780372-4217-4AFD-86CB-A777B1B3CD38}"
Project("{FAE04EC0-301F-11D3-BF4B-00C04F79EFBC}") = "RxBim.Di.Testing.Revit", "src\Revit\RxBim.Di.Testing.Revit\RxBim.Di.Testing.Revit.csproj", "{5BFFC5A3-1A29-4520-A658-59C92F44E9B3}"
EndProject
Project("{FAE04EC0-301F-11D3-BF4B-00C04F79EFBC}") = "RxBim.Example.IntegrationTests", "tests\RxBim.Example.IntegrationTests\RxBim.Example.IntegrationTests.csproj", "{E57349F4-1638-40FA-849D-DAA0311015FA}"
EndProject
Project("{2150E333-8FDC-42A3-9474-1A3956D46DE8}") = "Core", "Core", "{8B7AB5B5-D806-45E8-B574-F497EB20E3A6}"
EndProject
Project("{2150E333-8FDC-42A3-9474-1A3956D46DE8}") = "Revit", "Revit", "{77448DA8-C5E2-4C26-B5C1-AB8DED61C86B}"
EndProject
Project("{2150E333-8FDC-42A3-9474-1A3956D46DE8}") = "Autocad", "Autocad", "{D2AB0208-628E-47A0-8203-D25DEB089E4F}"
EndProject
Project("{2150E333-8FDC-42A3-9474-1A3956D46DE8}") = "Autocad", "Autocad", "{D4D155D7-F26E-44F5-B9A7-BC677594A81B}"
EndProject
Project("{2150E333-8FDC-42A3-9474-1A3956D46DE8}") = "Revit", "Revit", "{C869B95C-B187-485C-8454-1AC552E15649}"
EndProject
Project("{FAE04EC0-301F-11D3-BF4B-00C04F79EFBC}") = "RxBim.Application.Menu.Config.Revit.Sample", "Samples\Revit\RxBim.Application.Menu.Config.Revit.Sample\RxBim.Application.Menu.Config.Revit.Sample.csproj", "{DB7FF50A-560D-4C99-8F6D-84F779887826}"
EndProject
Project("{FAE04EC0-301F-11D3-BF4B-00C04F79EFBC}") = "RxBim.Transactions", "src\RxBim.Transactions\RxBim.Transactions.csproj", "{6CEC88D0-178F-489C-A138-0A4E25E4A0AC}"
EndProject
Project("{FAE04EC0-301F-11D3-BF4B-00C04F79EFBC}") = "RxBim.Transactions.Revit", "src\RxBim.Transactions.Revit\RxBim.Transactions.Revit.csproj", "{30C7B65B-8094-493D-B8BD-4431E45A50B8}"
EndProject
Project("{FAE04EC0-301F-11D3-BF4B-00C04F79EFBC}") = "RxBim.Transactions.Tests", "tests\RxBim.Transactions.Tests\RxBim.Transactions.Tests.csproj", "{DE56F753-9B30-44B1-89C9-6E46B2968239}"
EndProject
Project("{FAE04EC0-301F-11D3-BF4B-00C04F79EFBC}") = "RxBim.Transactions.IntegrationsTests", "tests\RxBim.Transactions.IntegrationsTests\RxBim.Transactions.IntegrationsTests.csproj", "{83730B15-D847-45BE-A848-774140C81F8B}"
EndProject
Project("{FAE04EC0-301F-11D3-BF4B-00C04F79EFBC}") = "RxBim.Transactions.Autocad", "src\RxBim.Transactions.Autocad\RxBim.Transactions.Autocad.csproj", "{C5AF7388-B1B0-4742-AFCE-52F8B12D2DAC}"
EndProject
Global
	GlobalSection(SolutionConfigurationPlatforms) = preSolution
		Debug|Any CPU = Debug|Any CPU
		Release|Any CPU = Release|Any CPU
	EndGlobalSection
	GlobalSection(SolutionProperties) = preSolution
		HideSolutionNode = FALSE
	EndGlobalSection
	GlobalSection(ProjectConfigurationPlatforms) = postSolution
		{13D76A89-7175-4E01-838D-97D9D5387662}.Debug|Any CPU.ActiveCfg = Debug|Any CPU
		{13D76A89-7175-4E01-838D-97D9D5387662}.Debug|Any CPU.Build.0 = Debug|Any CPU
		{13D76A89-7175-4E01-838D-97D9D5387662}.Release|Any CPU.ActiveCfg = Release|Any CPU
		{13D76A89-7175-4E01-838D-97D9D5387662}.Release|Any CPU.Build.0 = Release|Any CPU
		{C7357F16-42EE-4B8E-A76F-5F5CE7FA9481}.Debug|Any CPU.ActiveCfg = Debug|Any CPU
		{C7357F16-42EE-4B8E-A76F-5F5CE7FA9481}.Debug|Any CPU.Build.0 = Debug|Any CPU
		{C7357F16-42EE-4B8E-A76F-5F5CE7FA9481}.Release|Any CPU.ActiveCfg = Release|Any CPU
		{C7357F16-42EE-4B8E-A76F-5F5CE7FA9481}.Release|Any CPU.Build.0 = Release|Any CPU
		{AD01DB63-ECAE-4F96-AAD6-C230823A1409}.Debug|Any CPU.ActiveCfg = Debug|Any CPU
		{AD01DB63-ECAE-4F96-AAD6-C230823A1409}.Debug|Any CPU.Build.0 = Debug|Any CPU
		{AD01DB63-ECAE-4F96-AAD6-C230823A1409}.Release|Any CPU.ActiveCfg = Release|Any CPU
		{AD01DB63-ECAE-4F96-AAD6-C230823A1409}.Release|Any CPU.Build.0 = Release|Any CPU
		{457753F9-5A66-47A7-9C4F-62E72E546097}.Debug|Any CPU.ActiveCfg = Debug|Any CPU
		{457753F9-5A66-47A7-9C4F-62E72E546097}.Debug|Any CPU.Build.0 = Debug|Any CPU
		{457753F9-5A66-47A7-9C4F-62E72E546097}.Release|Any CPU.ActiveCfg = Release|Any CPU
		{457753F9-5A66-47A7-9C4F-62E72E546097}.Release|Any CPU.Build.0 = Release|Any CPU
		{5E22E6FC-E9A7-4D17-9EFA-BFFC805B909E}.Debug|Any CPU.ActiveCfg = Debug|Any CPU
		{5E22E6FC-E9A7-4D17-9EFA-BFFC805B909E}.Debug|Any CPU.Build.0 = Debug|Any CPU
		{5E22E6FC-E9A7-4D17-9EFA-BFFC805B909E}.Release|Any CPU.ActiveCfg = Release|Any CPU
		{5E22E6FC-E9A7-4D17-9EFA-BFFC805B909E}.Release|Any CPU.Build.0 = Release|Any CPU
		{362785AB-EBE3-4216-BA10-6CFD3F924269}.Debug|Any CPU.ActiveCfg = Debug|Any CPU
		{362785AB-EBE3-4216-BA10-6CFD3F924269}.Debug|Any CPU.Build.0 = Debug|Any CPU
		{362785AB-EBE3-4216-BA10-6CFD3F924269}.Release|Any CPU.ActiveCfg = Release|Any CPU
		{362785AB-EBE3-4216-BA10-6CFD3F924269}.Release|Any CPU.Build.0 = Release|Any CPU
		{39AEFA69-1E1B-4CE4-946E-19CC3512D95E}.Debug|Any CPU.ActiveCfg = Debug|Any CPU
		{39AEFA69-1E1B-4CE4-946E-19CC3512D95E}.Debug|Any CPU.Build.0 = Debug|Any CPU
		{39AEFA69-1E1B-4CE4-946E-19CC3512D95E}.Release|Any CPU.ActiveCfg = Release|Any CPU
		{39AEFA69-1E1B-4CE4-946E-19CC3512D95E}.Release|Any CPU.Build.0 = Release|Any CPU
		{8DE860F0-FB77-4CD2-AD2A-D8D62A30495B}.Debug|Any CPU.ActiveCfg = Debug|Any CPU
		{8DE860F0-FB77-4CD2-AD2A-D8D62A30495B}.Debug|Any CPU.Build.0 = Debug|Any CPU
		{8DE860F0-FB77-4CD2-AD2A-D8D62A30495B}.Release|Any CPU.ActiveCfg = Release|Any CPU
		{8DE860F0-FB77-4CD2-AD2A-D8D62A30495B}.Release|Any CPU.Build.0 = Release|Any CPU
		{6CC4DE33-DDD0-4A0F-BDD9-235880406F35}.Debug|Any CPU.ActiveCfg = Debug|Any CPU
		{6CC4DE33-DDD0-4A0F-BDD9-235880406F35}.Debug|Any CPU.Build.0 = Debug|Any CPU
		{6CC4DE33-DDD0-4A0F-BDD9-235880406F35}.Release|Any CPU.ActiveCfg = Release|Any CPU
		{6CC4DE33-DDD0-4A0F-BDD9-235880406F35}.Release|Any CPU.Build.0 = Release|Any CPU
		{9CB6AB65-4F66-4DAD-B864-866BACFF3E85}.Debug|Any CPU.ActiveCfg = Debug|Any CPU
		{9CB6AB65-4F66-4DAD-B864-866BACFF3E85}.Debug|Any CPU.Build.0 = Debug|Any CPU
		{9CB6AB65-4F66-4DAD-B864-866BACFF3E85}.Release|Any CPU.ActiveCfg = Release|Any CPU
		{9CB6AB65-4F66-4DAD-B864-866BACFF3E85}.Release|Any CPU.Build.0 = Release|Any CPU
		{5B23CF2B-C184-4803-8163-6349B95D6B8D}.Debug|Any CPU.ActiveCfg = Debug|Any CPU
		{5B23CF2B-C184-4803-8163-6349B95D6B8D}.Debug|Any CPU.Build.0 = Debug|Any CPU
		{5B23CF2B-C184-4803-8163-6349B95D6B8D}.Release|Any CPU.ActiveCfg = Release|Any CPU
		{5B23CF2B-C184-4803-8163-6349B95D6B8D}.Release|Any CPU.Build.0 = Release|Any CPU
		{40D777F5-EA22-4DD2-876F-54B475437839}.Debug|Any CPU.ActiveCfg = Debug|Any CPU
		{40D777F5-EA22-4DD2-876F-54B475437839}.Debug|Any CPU.Build.0 = Debug|Any CPU
		{40D777F5-EA22-4DD2-876F-54B475437839}.Release|Any CPU.ActiveCfg = Release|Any CPU
		{40D777F5-EA22-4DD2-876F-54B475437839}.Release|Any CPU.Build.0 = Release|Any CPU
		{C02C8AC7-09BE-4406-B488-9C56F7042F9E}.Debug|Any CPU.ActiveCfg = Debug|Any CPU
		{C02C8AC7-09BE-4406-B488-9C56F7042F9E}.Debug|Any CPU.Build.0 = Debug|Any CPU
		{C02C8AC7-09BE-4406-B488-9C56F7042F9E}.Release|Any CPU.ActiveCfg = Release|Any CPU
		{C02C8AC7-09BE-4406-B488-9C56F7042F9E}.Release|Any CPU.Build.0 = Release|Any CPU
		{AA973570-F576-4A6A-B00F-9733E4B8EFB5}.Debug|Any CPU.ActiveCfg = Debug|Any CPU
		{AA973570-F576-4A6A-B00F-9733E4B8EFB5}.Debug|Any CPU.Build.0 = Debug|Any CPU
		{AA973570-F576-4A6A-B00F-9733E4B8EFB5}.Release|Any CPU.ActiveCfg = Release|Any CPU
		{AA973570-F576-4A6A-B00F-9733E4B8EFB5}.Release|Any CPU.Build.0 = Release|Any CPU
		{0D73B07D-13A3-4FCE-8BC4-1850A93F0075}.Debug|Any CPU.ActiveCfg = Debug|Any CPU
		{0D73B07D-13A3-4FCE-8BC4-1850A93F0075}.Debug|Any CPU.Build.0 = Debug|Any CPU
		{0D73B07D-13A3-4FCE-8BC4-1850A93F0075}.Release|Any CPU.ActiveCfg = Release|Any CPU
		{0D73B07D-13A3-4FCE-8BC4-1850A93F0075}.Release|Any CPU.Build.0 = Release|Any CPU
		{36FFE5EE-128A-41DA-9199-348D7A97E384}.Debug|Any CPU.ActiveCfg = Debug|Any CPU
		{36FFE5EE-128A-41DA-9199-348D7A97E384}.Debug|Any CPU.Build.0 = Debug|Any CPU
		{36FFE5EE-128A-41DA-9199-348D7A97E384}.Release|Any CPU.ActiveCfg = Release|Any CPU
		{36FFE5EE-128A-41DA-9199-348D7A97E384}.Release|Any CPU.Build.0 = Release|Any CPU
		{57CC1000-67BD-4E6F-996D-C12FBCE656F8}.Debug|Any CPU.ActiveCfg = Debug|Any CPU
		{57CC1000-67BD-4E6F-996D-C12FBCE656F8}.Debug|Any CPU.Build.0 = Debug|Any CPU
		{57CC1000-67BD-4E6F-996D-C12FBCE656F8}.Release|Any CPU.ActiveCfg = Release|Any CPU
		{57CC1000-67BD-4E6F-996D-C12FBCE656F8}.Release|Any CPU.Build.0 = Release|Any CPU
		{F879BBCB-A71C-4D76-8E62-1BC809826F91}.Debug|Any CPU.ActiveCfg = Debug|Any CPU
		{F879BBCB-A71C-4D76-8E62-1BC809826F91}.Debug|Any CPU.Build.0 = Debug|Any CPU
		{F879BBCB-A71C-4D76-8E62-1BC809826F91}.Release|Any CPU.ActiveCfg = Release|Any CPU
		{F879BBCB-A71C-4D76-8E62-1BC809826F91}.Release|Any CPU.Build.0 = Release|Any CPU
		{C370ABAA-23EA-403E-96DD-B3610A8A91D7}.Debug|Any CPU.ActiveCfg = Debug|Any CPU
		{C370ABAA-23EA-403E-96DD-B3610A8A91D7}.Debug|Any CPU.Build.0 = Debug|Any CPU
		{C370ABAA-23EA-403E-96DD-B3610A8A91D7}.Release|Any CPU.ActiveCfg = Release|Any CPU
		{C370ABAA-23EA-403E-96DD-B3610A8A91D7}.Release|Any CPU.Build.0 = Release|Any CPU
		{D5B90B88-8AF9-4EF4-85AB-09B00D861F07}.Debug|Any CPU.ActiveCfg = Debug|Any CPU
		{D5B90B88-8AF9-4EF4-85AB-09B00D861F07}.Release|Any CPU.ActiveCfg = Release|Any CPU
		{B639A396-924A-4E4B-ABF7-9A27A8B3C998}.Debug|Any CPU.ActiveCfg = Debug|Any CPU
		{B639A396-924A-4E4B-ABF7-9A27A8B3C998}.Debug|Any CPU.Build.0 = Debug|Any CPU
		{B639A396-924A-4E4B-ABF7-9A27A8B3C998}.Release|Any CPU.ActiveCfg = Release|Any CPU
		{B639A396-924A-4E4B-ABF7-9A27A8B3C998}.Release|Any CPU.Build.0 = Release|Any CPU
		{887887BE-B483-4ED1-B0BD-B42530843058}.Debug|Any CPU.ActiveCfg = Debug|Any CPU
		{887887BE-B483-4ED1-B0BD-B42530843058}.Debug|Any CPU.Build.0 = Debug|Any CPU
		{887887BE-B483-4ED1-B0BD-B42530843058}.Release|Any CPU.ActiveCfg = Release|Any CPU
		{887887BE-B483-4ED1-B0BD-B42530843058}.Release|Any CPU.Build.0 = Release|Any CPU
		{EB2C28C0-1E5F-4753-A5D5-F2A216CFFC1C}.Debug|Any CPU.ActiveCfg = Debug|Any CPU
		{EB2C28C0-1E5F-4753-A5D5-F2A216CFFC1C}.Debug|Any CPU.Build.0 = Debug|Any CPU
		{EB2C28C0-1E5F-4753-A5D5-F2A216CFFC1C}.Release|Any CPU.ActiveCfg = Release|Any CPU
		{EB2C28C0-1E5F-4753-A5D5-F2A216CFFC1C}.Release|Any CPU.Build.0 = Release|Any CPU
		{9E174FB3-0BA1-413F-87AF-BB58D2527319}.Debug|Any CPU.ActiveCfg = Debug|Any CPU
		{9E174FB3-0BA1-413F-87AF-BB58D2527319}.Debug|Any CPU.Build.0 = Debug|Any CPU
		{9E174FB3-0BA1-413F-87AF-BB58D2527319}.Release|Any CPU.ActiveCfg = Release|Any CPU
		{9E174FB3-0BA1-413F-87AF-BB58D2527319}.Release|Any CPU.Build.0 = Release|Any CPU
		{2DA89004-9269-443E-AA73-BF63AA6CFA1E}.Debug|Any CPU.ActiveCfg = Debug|Any CPU
		{2DA89004-9269-443E-AA73-BF63AA6CFA1E}.Debug|Any CPU.Build.0 = Debug|Any CPU
		{2DA89004-9269-443E-AA73-BF63AA6CFA1E}.Release|Any CPU.ActiveCfg = Release|Any CPU
		{2DA89004-9269-443E-AA73-BF63AA6CFA1E}.Release|Any CPU.Build.0 = Release|Any CPU
		{5BFFC5A3-1A29-4520-A658-59C92F44E9B3}.Debug|Any CPU.ActiveCfg = Debug|Any CPU
		{5BFFC5A3-1A29-4520-A658-59C92F44E9B3}.Debug|Any CPU.Build.0 = Debug|Any CPU
		{5BFFC5A3-1A29-4520-A658-59C92F44E9B3}.Release|Any CPU.ActiveCfg = Release|Any CPU
		{5BFFC5A3-1A29-4520-A658-59C92F44E9B3}.Release|Any CPU.Build.0 = Release|Any CPU
		{E57349F4-1638-40FA-849D-DAA0311015FA}.Debug|Any CPU.ActiveCfg = Debug|Any CPU
		{E57349F4-1638-40FA-849D-DAA0311015FA}.Debug|Any CPU.Build.0 = Debug|Any CPU
		{E57349F4-1638-40FA-849D-DAA0311015FA}.Release|Any CPU.ActiveCfg = Release|Any CPU
		{E57349F4-1638-40FA-849D-DAA0311015FA}.Release|Any CPU.Build.0 = Release|Any CPU
		{DB7FF50A-560D-4C99-8F6D-84F779887826}.Debug|Any CPU.ActiveCfg = Debug|Any CPU
		{DB7FF50A-560D-4C99-8F6D-84F779887826}.Debug|Any CPU.Build.0 = Debug|Any CPU
		{DB7FF50A-560D-4C99-8F6D-84F779887826}.Release|Any CPU.ActiveCfg = Release|Any CPU
		{DB7FF50A-560D-4C99-8F6D-84F779887826}.Release|Any CPU.Build.0 = Release|Any CPU
		{6CEC88D0-178F-489C-A138-0A4E25E4A0AC}.Debug|Any CPU.ActiveCfg = Debug|Any CPU
		{6CEC88D0-178F-489C-A138-0A4E25E4A0AC}.Debug|Any CPU.Build.0 = Debug|Any CPU
		{6CEC88D0-178F-489C-A138-0A4E25E4A0AC}.Release|Any CPU.ActiveCfg = Release|Any CPU
		{6CEC88D0-178F-489C-A138-0A4E25E4A0AC}.Release|Any CPU.Build.0 = Release|Any CPU
		{30C7B65B-8094-493D-B8BD-4431E45A50B8}.Debug|Any CPU.ActiveCfg = Debug|Any CPU
		{30C7B65B-8094-493D-B8BD-4431E45A50B8}.Debug|Any CPU.Build.0 = Debug|Any CPU
		{30C7B65B-8094-493D-B8BD-4431E45A50B8}.Release|Any CPU.ActiveCfg = Release|Any CPU
		{30C7B65B-8094-493D-B8BD-4431E45A50B8}.Release|Any CPU.Build.0 = Release|Any CPU
		{DE56F753-9B30-44B1-89C9-6E46B2968239}.Debug|Any CPU.ActiveCfg = Debug|Any CPU
		{DE56F753-9B30-44B1-89C9-6E46B2968239}.Debug|Any CPU.Build.0 = Debug|Any CPU
		{DE56F753-9B30-44B1-89C9-6E46B2968239}.Release|Any CPU.ActiveCfg = Release|Any CPU
		{DE56F753-9B30-44B1-89C9-6E46B2968239}.Release|Any CPU.Build.0 = Release|Any CPU
		{83730B15-D847-45BE-A848-774140C81F8B}.Debug|Any CPU.ActiveCfg = Debug|Any CPU
		{83730B15-D847-45BE-A848-774140C81F8B}.Debug|Any CPU.Build.0 = Debug|Any CPU
		{83730B15-D847-45BE-A848-774140C81F8B}.Release|Any CPU.ActiveCfg = Release|Any CPU
		{83730B15-D847-45BE-A848-774140C81F8B}.Release|Any CPU.Build.0 = Release|Any CPU
		{C5AF7388-B1B0-4742-AFCE-52F8B12D2DAC}.Debug|Any CPU.ActiveCfg = Debug|Any CPU
		{C5AF7388-B1B0-4742-AFCE-52F8B12D2DAC}.Debug|Any CPU.Build.0 = Debug|Any CPU
		{C5AF7388-B1B0-4742-AFCE-52F8B12D2DAC}.Release|Any CPU.ActiveCfg = Release|Any CPU
		{C5AF7388-B1B0-4742-AFCE-52F8B12D2DAC}.Release|Any CPU.Build.0 = Release|Any CPU
	EndGlobalSection
	GlobalSection(NestedProjects) = preSolution
		{F879BBCB-A71C-4D76-8E62-1BC809826F91} = {1165F0D0-B8DD-4713-B62E-B0592F249C45}
		{C370ABAA-23EA-403E-96DD-B3610A8A91D7} = {1165F0D0-B8DD-4713-B62E-B0592F249C45}
		{8892AE3F-AC4E-4F1B-BCE1-12EB5CCAB78B} = {1165F0D0-B8DD-4713-B62E-B0592F249C45}
		{744AAF07-68DD-46BC-9442-4DA7416D4B0E} = {D348F299-FAC7-4BC5-AA78-BBC48B4969EB}
		{58E90E9F-4463-42AC-915F-950E95F23C86} = {D348F299-FAC7-4BC5-AA78-BBC48B4969EB}
		{DC709E0F-FB0A-47AF-B997-07049423EC78} = {D348F299-FAC7-4BC5-AA78-BBC48B4969EB}
		{BEC5BFF8-D120-4952-A66A-B0F7A2818551} = {D348F299-FAC7-4BC5-AA78-BBC48B4969EB}
		{29A114EF-59F6-490A-A10F-B1A2C0B8F756} = {D348F299-FAC7-4BC5-AA78-BBC48B4969EB}
		{AA973570-F576-4A6A-B00F-9733E4B8EFB5} = {29A114EF-59F6-490A-A10F-B1A2C0B8F756}
		{0D73B07D-13A3-4FCE-8BC4-1850A93F0075} = {29A114EF-59F6-490A-A10F-B1A2C0B8F756}
		{36FFE5EE-128A-41DA-9199-348D7A97E384} = {29A114EF-59F6-490A-A10F-B1A2C0B8F756}
		{AD01DB63-ECAE-4F96-AAD6-C230823A1409} = {DC709E0F-FB0A-47AF-B997-07049423EC78}
		{5E22E6FC-E9A7-4D17-9EFA-BFFC805B909E} = {DC709E0F-FB0A-47AF-B997-07049423EC78}
		{8DE860F0-FB77-4CD2-AD2A-D8D62A30495B} = {DC709E0F-FB0A-47AF-B997-07049423EC78}
		{40D777F5-EA22-4DD2-876F-54B475437839} = {DC709E0F-FB0A-47AF-B997-07049423EC78}
		{362785AB-EBE3-4216-BA10-6CFD3F924269} = {BEC5BFF8-D120-4952-A66A-B0F7A2818551}
		{C02C8AC7-09BE-4406-B488-9C56F7042F9E} = {BEC5BFF8-D120-4952-A66A-B0F7A2818551}
		{13D76A89-7175-4E01-838D-97D9D5387662} = {744AAF07-68DD-46BC-9442-4DA7416D4B0E}
		{457753F9-5A66-47A7-9C4F-62E72E546097} = {58E90E9F-4463-42AC-915F-950E95F23C86}
		{9CB6AB65-4F66-4DAD-B864-866BACFF3E85} = {58E90E9F-4463-42AC-915F-950E95F23C86}
		{5B23CF2B-C184-4803-8163-6349B95D6B8D} = {58E90E9F-4463-42AC-915F-950E95F23C86}
		{57CC1000-67BD-4E6F-996D-C12FBCE656F8} = {58E90E9F-4463-42AC-915F-950E95F23C86}
		{6CC4DE33-DDD0-4A0F-BDD9-235880406F35} = {744AAF07-68DD-46BC-9442-4DA7416D4B0E}
		{C7357F16-42EE-4B8E-A76F-5F5CE7FA9481} = {BEC5BFF8-D120-4952-A66A-B0F7A2818551}
		{39AEFA69-1E1B-4CE4-946E-19CC3512D95E} = {BEC5BFF8-D120-4952-A66A-B0F7A2818551}
		{B639A396-924A-4E4B-ABF7-9A27A8B3C998} = {58E90E9F-4463-42AC-915F-950E95F23C86}
		{887887BE-B483-4ED1-B0BD-B42530843058} = {58E90E9F-4463-42AC-915F-950E95F23C86}
		{EB2C28C0-1E5F-4753-A5D5-F2A216CFFC1C} = {858DFC4A-AA54-47BF-8261-578EC4FD8EE8}
		{9E174FB3-0BA1-413F-87AF-BB58D2527319} = {858DFC4A-AA54-47BF-8261-578EC4FD8EE8}
		{2DA89004-9269-443E-AA73-BF63AA6CFA1E} = {858DFC4A-AA54-47BF-8261-578EC4FD8EE8}
		{970CA83F-5689-4510-B8A4-F0E1C9F75B72} = {858DFC4A-AA54-47BF-8261-578EC4FD8EE8}
		{44780372-4217-4AFD-86CB-A777B1B3CD38} = {D348F299-FAC7-4BC5-AA78-BBC48B4969EB}
		{5BFFC5A3-1A29-4520-A658-59C92F44E9B3} = {44780372-4217-4AFD-86CB-A777B1B3CD38}
		{E57349F4-1638-40FA-849D-DAA0311015FA} = {1165F0D0-B8DD-4713-B62E-B0592F249C45}
		{8B7AB5B5-D806-45E8-B574-F497EB20E3A6} = {D348F299-FAC7-4BC5-AA78-BBC48B4969EB}
		{77448DA8-C5E2-4C26-B5C1-AB8DED61C86B} = {D348F299-FAC7-4BC5-AA78-BBC48B4969EB}
		{D2AB0208-628E-47A0-8203-D25DEB089E4F} = {D348F299-FAC7-4BC5-AA78-BBC48B4969EB}
		{457753F9-5A66-47A7-9C4F-62E72E546097} = {8B7AB5B5-D806-45E8-B574-F497EB20E3A6}
		{9CB6AB65-4F66-4DAD-B864-866BACFF3E85} = {8B7AB5B5-D806-45E8-B574-F497EB20E3A6}
		{887887BE-B483-4ED1-B0BD-B42530843058} = {8B7AB5B5-D806-45E8-B574-F497EB20E3A6}
		{B639A396-924A-4E4B-ABF7-9A27A8B3C998} = {8B7AB5B5-D806-45E8-B574-F497EB20E3A6}
		{5B23CF2B-C184-4803-8163-6349B95D6B8D} = {8B7AB5B5-D806-45E8-B574-F497EB20E3A6}
		{57CC1000-67BD-4E6F-996D-C12FBCE656F8} = {8B7AB5B5-D806-45E8-B574-F497EB20E3A6}
		{13D76A89-7175-4E01-838D-97D9D5387662} = {8B7AB5B5-D806-45E8-B574-F497EB20E3A6}
		{AA973570-F576-4A6A-B00F-9733E4B8EFB5} = {8B7AB5B5-D806-45E8-B574-F497EB20E3A6}
		{AD01DB63-ECAE-4F96-AAD6-C230823A1409} = {D2AB0208-628E-47A0-8203-D25DEB089E4F}
		{5E22E6FC-E9A7-4D17-9EFA-BFFC805B909E} = {D2AB0208-628E-47A0-8203-D25DEB089E4F}
		{8DE860F0-FB77-4CD2-AD2A-D8D62A30495B} = {D2AB0208-628E-47A0-8203-D25DEB089E4F}
		{40D777F5-EA22-4DD2-876F-54B475437839} = {D2AB0208-628E-47A0-8203-D25DEB089E4F}
		{6CC4DE33-DDD0-4A0F-BDD9-235880406F35} = {D2AB0208-628E-47A0-8203-D25DEB089E4F}
		{C7357F16-42EE-4B8E-A76F-5F5CE7FA9481} = {77448DA8-C5E2-4C26-B5C1-AB8DED61C86B}
		{362785AB-EBE3-4216-BA10-6CFD3F924269} = {77448DA8-C5E2-4C26-B5C1-AB8DED61C86B}
		{39AEFA69-1E1B-4CE4-946E-19CC3512D95E} = {77448DA8-C5E2-4C26-B5C1-AB8DED61C86B}
		{C02C8AC7-09BE-4406-B488-9C56F7042F9E} = {77448DA8-C5E2-4C26-B5C1-AB8DED61C86B}
		{5BFFC5A3-1A29-4520-A658-59C92F44E9B3} = {77448DA8-C5E2-4C26-B5C1-AB8DED61C86B}
		{36FFE5EE-128A-41DA-9199-348D7A97E384} = {77448DA8-C5E2-4C26-B5C1-AB8DED61C86B}
		{0D73B07D-13A3-4FCE-8BC4-1850A93F0075} = {D2AB0208-628E-47A0-8203-D25DEB089E4F}
		{D4D155D7-F26E-44F5-B9A7-BC677594A81B} = {858DFC4A-AA54-47BF-8261-578EC4FD8EE8}
		{C869B95C-B187-485C-8454-1AC552E15649} = {858DFC4A-AA54-47BF-8261-578EC4FD8EE8}
		{EB2C28C0-1E5F-4753-A5D5-F2A216CFFC1C} = {D4D155D7-F26E-44F5-B9A7-BC677594A81B}
		{9E174FB3-0BA1-413F-87AF-BB58D2527319} = {D4D155D7-F26E-44F5-B9A7-BC677594A81B}
		{2DA89004-9269-443E-AA73-BF63AA6CFA1E} = {C869B95C-B187-485C-8454-1AC552E15649}
		{DB7FF50A-560D-4C99-8F6D-84F779887826} = {C869B95C-B187-485C-8454-1AC552E15649}
		{6CEC88D0-178F-489C-A138-0A4E25E4A0AC} = {58E90E9F-4463-42AC-915F-950E95F23C86}
		{30C7B65B-8094-493D-B8BD-4431E45A50B8} = {BEC5BFF8-D120-4952-A66A-B0F7A2818551}
		{DE56F753-9B30-44B1-89C9-6E46B2968239} = {1165F0D0-B8DD-4713-B62E-B0592F249C45}
		{83730B15-D847-45BE-A848-774140C81F8B} = {1165F0D0-B8DD-4713-B62E-B0592F249C45}
		{C5AF7388-B1B0-4742-AFCE-52F8B12D2DAC} = {DC709E0F-FB0A-47AF-B997-07049423EC78}
	EndGlobalSection
EndGlobal
